// !$*UTF8*$!
{
	archiveVersion = 1;
	classes = {
	};
	objectVersion = 48;
	objects = {

/* Begin PBXBuildFile section */
		573DE8712002B5C600DE57DA /* DynamicItemsModel.swift in Sources */ = {isa = PBXBuildFile; fileRef = 573DE8702002B5C600DE57DA /* DynamicItemsModel.swift */; };
		573DE8732003A1B600DE57DA /* RecommendationModel.swift in Sources */ = {isa = PBXBuildFile; fileRef = 573DE8722003A1B600DE57DA /* RecommendationModel.swift */; };
		573DE8752003A23A00DE57DA /* ProductRecommendationModel.swift in Sources */ = {isa = PBXBuildFile; fileRef = 573DE8742003A23A00DE57DA /* ProductRecommendationModel.swift */; };
		575BF4CF1FEBA436007B4354 /* Constant.swift in Sources */ = {isa = PBXBuildFile; fileRef = 575BF4CE1FEBA436007B4354 /* Constant.swift */; };
		576C51D6200F8C470027691F /* CustomTableViewCell.swift in Sources */ = {isa = PBXBuildFile; fileRef = 576C51D5200F8C470027691F /* CustomTableViewCell.swift */; };
		57893D7D1FF51FF400AA8D67 /* SegmentifyObject.swift in Sources */ = {isa = PBXBuildFile; fileRef = 57893D7C1FF51FF400AA8D67 /* SegmentifyObject.swift */; };
		57909C61201740EC00903E2A /* SegmentifyUserObject.swift in Sources */ = {isa = PBXBuildFile; fileRef = 57909C60201740EC00903E2A /* SegmentifyUserObject.swift */; };
		57909C63201751BB00903E2A /* PageModel.swift in Sources */ = {isa = PBXBuildFile; fileRef = 57909C62201751BB00903E2A /* PageModel.swift */; };
		57909C66201752CA00903E2A /* ProductModel.swift in Sources */ = {isa = PBXBuildFile; fileRef = 57909C65201752CA00903E2A /* ProductModel.swift */; };
		57909C682017558800903E2A /* BasketModel.swift in Sources */ = {isa = PBXBuildFile; fileRef = 57909C672017558800903E2A /* BasketModel.swift */; };
		57909C6C2017568C00903E2A /* CheckoutModel.swift in Sources */ = {isa = PBXBuildFile; fileRef = 57909C6B2017568C00903E2A /* CheckoutModel.swift */; };
		57909C722017575400903E2A /* UserModel.swift in Sources */ = {isa = PBXBuildFile; fileRef = 57909C712017575400903E2A /* UserModel.swift */; };
		57909C7A201757FE00903E2A /* CustomEventModel.swift in Sources */ = {isa = PBXBuildFile; fileRef = 57909C79201757FE00903E2A /* CustomEventModel.swift */; };
		57909C7C2017582400903E2A /* InteractionModel.swift in Sources */ = {isa = PBXBuildFile; fileRef = 57909C7B2017582400903E2A /* InteractionModel.swift */; };
		57909C7E20175AB600903E2A /* UserChangeModel.swift in Sources */ = {isa = PBXBuildFile; fileRef = 57909C7D20175AB600903E2A /* UserChangeModel.swift */; };
		57AD772020078A61009384E8 /* Array.swift in Sources */ = {isa = PBXBuildFile; fileRef = 57AD771F20078A61009384E8 /* Array.swift */; };
		57D547BA2011E14E004FC06C /* HomeViewController.swift in Sources */ = {isa = PBXBuildFile; fileRef = 57D547B92011E14E004FC06C /* HomeViewController.swift */; };
		57D547C12011E534004FC06C /* HomePageViewController.swift in Sources */ = {isa = PBXBuildFile; fileRef = 57D547C02011E534004FC06C /* HomePageViewController.swift */; };
		57D547C32011E5E3004FC06C /* CategoryViewController.swift in Sources */ = {isa = PBXBuildFile; fileRef = 57D547C22011E5E3004FC06C /* CategoryViewController.swift */; };
		57D547C52011E888004FC06C /* BasketViewController.swift in Sources */ = {isa = PBXBuildFile; fileRef = 57D547C42011E888004FC06C /* BasketViewController.swift */; };
		57D547C72011EC2A004FC06C /* PurchaseSuccessViewController.swift in Sources */ = {isa = PBXBuildFile; fileRef = 57D547C62011EC2A004FC06C /* PurchaseSuccessViewController.swift */; };
		57D547CB201209B6004FC06C /* NotFoundViewController.swift in Sources */ = {isa = PBXBuildFile; fileRef = 57D547CA201209B6004FC06C /* NotFoundViewController.swift */; };
		57D547CD20120D9C004FC06C /* CustomEventViewController.swift in Sources */ = {isa = PBXBuildFile; fileRef = 57D547CC20120D9C004FC06C /* CustomEventViewController.swift */; };
		57D547CF201284DE004FC06C /* ConfigModel.swift in Sources */ = {isa = PBXBuildFile; fileRef = 57D547CE201284DE004FC06C /* ConfigModel.swift */; };
		57E926DA1FE00835002E85F4 /* SegmentifyUrlSessionDelegate.swift in Sources */ = {isa = PBXBuildFile; fileRef = 57E926D91FE00835002E85F4 /* SegmentifyUrlSessionDelegate.swift */; };
		57FFD4CE1FD9A814008B1486 /* AppDelegate.swift in Sources */ = {isa = PBXBuildFile; fileRef = 57FFD4CD1FD9A814008B1486 /* AppDelegate.swift */; };
		57FFD4D01FD9A814008B1486 /* SearchViewController.swift in Sources */ = {isa = PBXBuildFile; fileRef = 57FFD4CF1FD9A814008B1486 /* SearchViewController.swift */; };
		57FFD4D31FD9A814008B1486 /* Main.storyboard in Resources */ = {isa = PBXBuildFile; fileRef = 57FFD4D11FD9A814008B1486 /* Main.storyboard */; };
		57FFD4D51FD9A814008B1486 /* Assets.xcassets in Resources */ = {isa = PBXBuildFile; fileRef = 57FFD4D41FD9A814008B1486 /* Assets.xcassets */; };
		57FFD4D81FD9A814008B1486 /* LaunchScreen.storyboard in Resources */ = {isa = PBXBuildFile; fileRef = 57FFD4D61FD9A814008B1486 /* LaunchScreen.storyboard */; };
		57FFD4E31FD9A814008B1486 /* SegmentifyDenemeTests.swift in Sources */ = {isa = PBXBuildFile; fileRef = 57FFD4E21FD9A814008B1486 /* SegmentifyDenemeTests.swift */; };
		57FFD4EE1FD9A814008B1486 /* SegmentifyDenemeUITests.swift in Sources */ = {isa = PBXBuildFile; fileRef = 57FFD4ED1FD9A814008B1486 /* SegmentifyDenemeUITests.swift */; };
		57FFD4FC1FD9A854008B1486 /* SegmentifyManager.swift in Sources */ = {isa = PBXBuildFile; fileRef = 57FFD4FB1FD9A854008B1486 /* SegmentifyManager.swift */; };
		57FFD4FE1FD9ABC1008B1486 /* SegmentifyAnalyticWrapper.swift in Sources */ = {isa = PBXBuildFile; fileRef = 57FFD4FD1FD9ABC1008B1486 /* SegmentifyAnalyticWrapper.swift */; };
		57FFD5001FD9AC4C008B1486 /* SegmentifyRegisterRequest.swift in Sources */ = {isa = PBXBuildFile; fileRef = 57FFD4FF1FD9AC4C008B1486 /* SegmentifyRegisterRequest.swift */; };
		57FFD5021FD9AC96008B1486 /* SegmentifyRequestProtocol.swift in Sources */ = {isa = PBXBuildFile; fileRef = 57FFD5011FD9AC96008B1486 /* SegmentifyRequestProtocol.swift */; };
		57FFD5041FD9ACCF008B1486 /* SegmentifyTools.swift in Sources */ = {isa = PBXBuildFile; fileRef = 57FFD5031FD9ACCF008B1486 /* SegmentifyTools.swift */; };
		57FFD5061FDA0589008B1486 /* SegmentifyConnectionManager.swift in Sources */ = {isa = PBXBuildFile; fileRef = 57FFD5051FDA0589008B1486 /* SegmentifyConnectionManager.swift */; };
/* End PBXBuildFile section */

/* Begin PBXContainerItemProxy section */
		57FFD4DF1FD9A814008B1486 /* PBXContainerItemProxy */ = {
			isa = PBXContainerItemProxy;
			containerPortal = 57FFD4C21FD9A814008B1486 /* Project object */;
			proxyType = 1;
			remoteGlobalIDString = 57FFD4C91FD9A814008B1486;
			remoteInfo = SegmentifyDeneme;
		};
		57FFD4EA1FD9A814008B1486 /* PBXContainerItemProxy */ = {
			isa = PBXContainerItemProxy;
			containerPortal = 57FFD4C21FD9A814008B1486 /* Project object */;
			proxyType = 1;
			remoteGlobalIDString = 57FFD4C91FD9A814008B1486;
			remoteInfo = SegmentifyDeneme;
		};
/* End PBXContainerItemProxy section */

/* Begin PBXFileReference section */
		573DE8702002B5C600DE57DA /* DynamicItemsModel.swift */ = {isa = PBXFileReference; lastKnownFileType = sourcecode.swift; path = DynamicItemsModel.swift; sourceTree = "<group>"; };
		573DE8722003A1B600DE57DA /* RecommendationModel.swift */ = {isa = PBXFileReference; lastKnownFileType = sourcecode.swift; path = RecommendationModel.swift; sourceTree = "<group>"; };
		573DE8742003A23A00DE57DA /* ProductRecommendationModel.swift */ = {isa = PBXFileReference; lastKnownFileType = sourcecode.swift; path = ProductRecommendationModel.swift; sourceTree = "<group>"; };
		575BF4791FE7B19A007B4354 /* SegmentifyDeneme-Bridging.h */ = {isa = PBXFileReference; lastKnownFileType = sourcecode.c.h; path = "SegmentifyDeneme-Bridging.h"; sourceTree = "<group>"; };
		575BF4CE1FEBA436007B4354 /* Constant.swift */ = {isa = PBXFileReference; lastKnownFileType = sourcecode.swift; path = Constant.swift; sourceTree = "<group>"; };
		576C51D5200F8C470027691F /* CustomTableViewCell.swift */ = {isa = PBXFileReference; lastKnownFileType = sourcecode.swift; path = CustomTableViewCell.swift; sourceTree = "<group>"; };
		57893D7C1FF51FF400AA8D67 /* SegmentifyObject.swift */ = {isa = PBXFileReference; lastKnownFileType = sourcecode.swift; path = SegmentifyObject.swift; sourceTree = "<group>"; };
		57909C60201740EC00903E2A /* SegmentifyUserObject.swift */ = {isa = PBXFileReference; lastKnownFileType = sourcecode.swift; path = SegmentifyUserObject.swift; sourceTree = "<group>"; };
		57909C62201751BB00903E2A /* PageModel.swift */ = {isa = PBXFileReference; lastKnownFileType = sourcecode.swift; path = PageModel.swift; sourceTree = "<group>"; };
		57909C65201752CA00903E2A /* ProductModel.swift */ = {isa = PBXFileReference; lastKnownFileType = sourcecode.swift; path = ProductModel.swift; sourceTree = "<group>"; };
		57909C672017558800903E2A /* BasketModel.swift */ = {isa = PBXFileReference; lastKnownFileType = sourcecode.swift; path = BasketModel.swift; sourceTree = "<group>"; };
		57909C6B2017568C00903E2A /* CheckoutModel.swift */ = {isa = PBXFileReference; lastKnownFileType = sourcecode.swift; path = CheckoutModel.swift; sourceTree = "<group>"; };
		57909C712017575400903E2A /* UserModel.swift */ = {isa = PBXFileReference; lastKnownFileType = sourcecode.swift; path = UserModel.swift; sourceTree = "<group>"; };
		57909C79201757FE00903E2A /* CustomEventModel.swift */ = {isa = PBXFileReference; lastKnownFileType = sourcecode.swift; path = CustomEventModel.swift; sourceTree = "<group>"; };
		57909C7B2017582400903E2A /* InteractionModel.swift */ = {isa = PBXFileReference; lastKnownFileType = sourcecode.swift; path = InteractionModel.swift; sourceTree = "<group>"; };
		57909C7D20175AB600903E2A /* UserChangeModel.swift */ = {isa = PBXFileReference; lastKnownFileType = sourcecode.swift; path = UserChangeModel.swift; sourceTree = "<group>"; };
		57AD771F20078A61009384E8 /* Array.swift */ = {isa = PBXFileReference; lastKnownFileType = sourcecode.swift; path = Array.swift; sourceTree = "<group>"; };
		57D547B92011E14E004FC06C /* HomeViewController.swift */ = {isa = PBXFileReference; lastKnownFileType = sourcecode.swift; path = HomeViewController.swift; sourceTree = "<group>"; };
		57D547C02011E534004FC06C /* HomePageViewController.swift */ = {isa = PBXFileReference; lastKnownFileType = sourcecode.swift; path = HomePageViewController.swift; sourceTree = "<group>"; };
		57D547C22011E5E3004FC06C /* CategoryViewController.swift */ = {isa = PBXFileReference; lastKnownFileType = sourcecode.swift; path = CategoryViewController.swift; sourceTree = "<group>"; };
		57D547C42011E888004FC06C /* BasketViewController.swift */ = {isa = PBXFileReference; lastKnownFileType = sourcecode.swift; path = BasketViewController.swift; sourceTree = "<group>"; };
		57D547C62011EC2A004FC06C /* PurchaseSuccessViewController.swift */ = {isa = PBXFileReference; lastKnownFileType = sourcecode.swift; path = PurchaseSuccessViewController.swift; sourceTree = "<group>"; };
		57D547CA201209B6004FC06C /* NotFoundViewController.swift */ = {isa = PBXFileReference; lastKnownFileType = sourcecode.swift; path = NotFoundViewController.swift; sourceTree = "<group>"; };
		57D547CC20120D9C004FC06C /* CustomEventViewController.swift */ = {isa = PBXFileReference; lastKnownFileType = sourcecode.swift; path = CustomEventViewController.swift; sourceTree = "<group>"; };
		57D547CE201284DE004FC06C /* ConfigModel.swift */ = {isa = PBXFileReference; lastKnownFileType = sourcecode.swift; path = ConfigModel.swift; sourceTree = "<group>"; };
		57E926D91FE00835002E85F4 /* SegmentifyUrlSessionDelegate.swift */ = {isa = PBXFileReference; lastKnownFileType = sourcecode.swift; path = SegmentifyUrlSessionDelegate.swift; sourceTree = "<group>"; };
		57FFD4CA1FD9A814008B1486 /* SegmentifyIosDemo.app */ = {isa = PBXFileReference; explicitFileType = wrapper.application; includeInIndex = 0; path = SegmentifyIosDemo.app; sourceTree = BUILT_PRODUCTS_DIR; };
		57FFD4CD1FD9A814008B1486 /* AppDelegate.swift */ = {isa = PBXFileReference; lastKnownFileType = sourcecode.swift; path = AppDelegate.swift; sourceTree = "<group>"; };
		57FFD4CF1FD9A814008B1486 /* SearchViewController.swift */ = {isa = PBXFileReference; lastKnownFileType = sourcecode.swift; path = SearchViewController.swift; sourceTree = "<group>"; };
		57FFD4D21FD9A814008B1486 /* Base */ = {isa = PBXFileReference; lastKnownFileType = file.storyboard; name = Base; path = Base.lproj/Main.storyboard; sourceTree = "<group>"; };
		57FFD4D41FD9A814008B1486 /* Assets.xcassets */ = {isa = PBXFileReference; lastKnownFileType = folder.assetcatalog; path = Assets.xcassets; sourceTree = "<group>"; };
		57FFD4D71FD9A814008B1486 /* Base */ = {isa = PBXFileReference; lastKnownFileType = file.storyboard; name = Base; path = Base.lproj/LaunchScreen.storyboard; sourceTree = "<group>"; };
		57FFD4D91FD9A814008B1486 /* Info.plist */ = {isa = PBXFileReference; lastKnownFileType = text.plist.xml; path = Info.plist; sourceTree = "<group>"; };
		57FFD4DE1FD9A814008B1486 /* SegmentifyIosDemoTests.xctest */ = {isa = PBXFileReference; explicitFileType = wrapper.cfbundle; includeInIndex = 0; path = SegmentifyIosDemoTests.xctest; sourceTree = BUILT_PRODUCTS_DIR; };
		57FFD4E21FD9A814008B1486 /* SegmentifyDenemeTests.swift */ = {isa = PBXFileReference; lastKnownFileType = sourcecode.swift; path = SegmentifyDenemeTests.swift; sourceTree = "<group>"; };
		57FFD4E41FD9A814008B1486 /* Info.plist */ = {isa = PBXFileReference; lastKnownFileType = text.plist.xml; path = Info.plist; sourceTree = "<group>"; };
		57FFD4E91FD9A814008B1486 /* SegmentifyIosDemoUITests.xctest */ = {isa = PBXFileReference; explicitFileType = wrapper.cfbundle; includeInIndex = 0; path = SegmentifyIosDemoUITests.xctest; sourceTree = BUILT_PRODUCTS_DIR; };
		57FFD4ED1FD9A814008B1486 /* SegmentifyDenemeUITests.swift */ = {isa = PBXFileReference; lastKnownFileType = sourcecode.swift; path = SegmentifyDenemeUITests.swift; sourceTree = "<group>"; };
		57FFD4EF1FD9A814008B1486 /* Info.plist */ = {isa = PBXFileReference; lastKnownFileType = text.plist.xml; path = Info.plist; sourceTree = "<group>"; };
		57FFD4FB1FD9A854008B1486 /* SegmentifyManager.swift */ = {isa = PBXFileReference; lastKnownFileType = sourcecode.swift; path = SegmentifyManager.swift; sourceTree = "<group>"; };
		57FFD4FD1FD9ABC1008B1486 /* SegmentifyAnalyticWrapper.swift */ = {isa = PBXFileReference; lastKnownFileType = sourcecode.swift; path = SegmentifyAnalyticWrapper.swift; sourceTree = "<group>"; };
		57FFD4FF1FD9AC4C008B1486 /* SegmentifyRegisterRequest.swift */ = {isa = PBXFileReference; lastKnownFileType = sourcecode.swift; path = SegmentifyRegisterRequest.swift; sourceTree = "<group>"; };
		57FFD5011FD9AC96008B1486 /* SegmentifyRequestProtocol.swift */ = {isa = PBXFileReference; lastKnownFileType = sourcecode.swift; path = SegmentifyRequestProtocol.swift; sourceTree = "<group>"; };
		57FFD5031FD9ACCF008B1486 /* SegmentifyTools.swift */ = {isa = PBXFileReference; lastKnownFileType = sourcecode.swift; path = SegmentifyTools.swift; sourceTree = "<group>"; };
		57FFD5051FDA0589008B1486 /* SegmentifyConnectionManager.swift */ = {isa = PBXFileReference; lastKnownFileType = sourcecode.swift; path = SegmentifyConnectionManager.swift; sourceTree = "<group>"; };
/* End PBXFileReference section */

/* Begin PBXFrameworksBuildPhase section */
		57FFD4C71FD9A814008B1486 /* Frameworks */ = {
			isa = PBXFrameworksBuildPhase;
			buildActionMask = 2147483647;
			files = (
			);
			runOnlyForDeploymentPostprocessing = 0;
		};
		57FFD4DB1FD9A814008B1486 /* Frameworks */ = {
			isa = PBXFrameworksBuildPhase;
			buildActionMask = 2147483647;
			files = (
			);
			runOnlyForDeploymentPostprocessing = 0;
		};
		57FFD4E61FD9A814008B1486 /* Frameworks */ = {
			isa = PBXFrameworksBuildPhase;
			buildActionMask = 2147483647;
			files = (
			);
			runOnlyForDeploymentPostprocessing = 0;
		};
/* End PBXFrameworksBuildPhase section */

/* Begin PBXGroup section */
		57893DB31FFFAA7F00AA8D67 /* Model */ = {
			isa = PBXGroup;
			children = (
				57893D7C1FF51FF400AA8D67 /* SegmentifyObject.swift */,
				57909C64201752B900903E2A /* EventModel */,
				573DE8702002B5C600DE57DA /* DynamicItemsModel.swift */,
				573DE8722003A1B600DE57DA /* RecommendationModel.swift */,
				573DE8742003A23A00DE57DA /* ProductRecommendationModel.swift */,
				57D547CE201284DE004FC06C /* ConfigModel.swift */,
			);
			path = Model;
			sourceTree = "<group>";
		};
		57909C64201752B900903E2A /* EventModel */ = {
			isa = PBXGroup;
			children = (
				57909C62201751BB00903E2A /* PageModel.swift */,
				57909C65201752CA00903E2A /* ProductModel.swift */,
				57909C672017558800903E2A /* BasketModel.swift */,
				57909C6B2017568C00903E2A /* CheckoutModel.swift */,
				57909C712017575400903E2A /* UserModel.swift */,
				57909C79201757FE00903E2A /* CustomEventModel.swift */,
				57909C7B2017582400903E2A /* InteractionModel.swift */,
				57909C7D20175AB600903E2A /* UserChangeModel.swift */,
			);
			path = EventModel;
			sourceTree = "<group>";
		};
		57AD771E20078A51009384E8 /* Extensions */ = {
			isa = PBXGroup;
			children = (
				57AD771F20078A61009384E8 /* Array.swift */,
			);
			path = Extensions;
			sourceTree = "<group>";
		};
		57D547BD2011E2E2004FC06C /* ViewControllers */ = {
			isa = PBXGroup;
			children = (
				57D547B92011E14E004FC06C /* HomeViewController.swift */,
				57FFD4CF1FD9A814008B1486 /* SearchViewController.swift */,
				57D547C02011E534004FC06C /* HomePageViewController.swift */,
				57D547C22011E5E3004FC06C /* CategoryViewController.swift */,
				57D547C42011E888004FC06C /* BasketViewController.swift */,
				57D547C62011EC2A004FC06C /* PurchaseSuccessViewController.swift */,
				57D547CA201209B6004FC06C /* NotFoundViewController.swift */,
				57D547CC20120D9C004FC06C /* CustomEventViewController.swift */,
			);
			path = ViewControllers;
			sourceTree = "<group>";
		};
		57FFD4C11FD9A814008B1486 = {
			isa = PBXGroup;
			children = (
				576C51D5200F8C470027691F /* CustomTableViewCell.swift */,
				57FFD4CC1FD9A814008B1486 /* SegmentifyIosDemo */,
				57FFD4E11FD9A814008B1486 /* SegmentifyIosDemoTests */,
				57FFD4EC1FD9A814008B1486 /* SegmentifyIosDemoUITests */,
				57FFD4CB1FD9A814008B1486 /* Products */,
			);
			sourceTree = "<group>";
		};
		57FFD4CB1FD9A814008B1486 /* Products */ = {
			isa = PBXGroup;
			children = (
				57FFD4CA1FD9A814008B1486 /* SegmentifyIosDemo.app */,
				57FFD4DE1FD9A814008B1486 /* SegmentifyIosDemoTests.xctest */,
				57FFD4E91FD9A814008B1486 /* SegmentifyIosDemoUITests.xctest */,
			);
			name = Products;
			sourceTree = "<group>";
		};
		57FFD4CC1FD9A814008B1486 /* SegmentifyIosDemo */ = {
			isa = PBXGroup;
			children = (
				57D547BD2011E2E2004FC06C /* ViewControllers */,
				57AD771E20078A51009384E8 /* Extensions */,
				57893DB31FFFAA7F00AA8D67 /* Model */,
				57FFD4CD1FD9A814008B1486 /* AppDelegate.swift */,
				57FFD4D11FD9A814008B1486 /* Main.storyboard */,
				57FFD4D41FD9A814008B1486 /* Assets.xcassets */,
				57FFD4D61FD9A814008B1486 /* LaunchScreen.storyboard */,
				57FFD4D91FD9A814008B1486 /* Info.plist */,
				57FFD4FB1FD9A854008B1486 /* SegmentifyManager.swift */,
				57FFD4FD1FD9ABC1008B1486 /* SegmentifyAnalyticWrapper.swift */,
				57FFD4FF1FD9AC4C008B1486 /* SegmentifyRegisterRequest.swift */,
				57FFD5011FD9AC96008B1486 /* SegmentifyRequestProtocol.swift */,
				57FFD5031FD9ACCF008B1486 /* SegmentifyTools.swift */,
				57FFD5051FDA0589008B1486 /* SegmentifyConnectionManager.swift */,
				57E926D91FE00835002E85F4 /* SegmentifyUrlSessionDelegate.swift */,
				575BF4791FE7B19A007B4354 /* SegmentifyDeneme-Bridging.h */,
				575BF4CE1FEBA436007B4354 /* Constant.swift */,
				57909C60201740EC00903E2A /* SegmentifyUserObject.swift */,
			);
			name = SegmentifyIosDemo;
			path = SegmentifyDeneme;
			sourceTree = "<group>";
		};
		57FFD4E11FD9A814008B1486 /* SegmentifyIosDemoTests */ = {
			isa = PBXGroup;
			children = (
				57FFD4E21FD9A814008B1486 /* SegmentifyDenemeTests.swift */,
				57FFD4E41FD9A814008B1486 /* Info.plist */,
			);
			name = SegmentifyIosDemoTests;
			path = SegmentifyDenemeTests;
			sourceTree = "<group>";
		};
		57FFD4EC1FD9A814008B1486 /* SegmentifyIosDemoUITests */ = {
			isa = PBXGroup;
			children = (
				57FFD4ED1FD9A814008B1486 /* SegmentifyDenemeUITests.swift */,
				57FFD4EF1FD9A814008B1486 /* Info.plist */,
			);
			name = SegmentifyIosDemoUITests;
			path = SegmentifyDenemeUITests;
			sourceTree = "<group>";
		};
/* End PBXGroup section */

/* Begin PBXNativeTarget section */
		57FFD4C91FD9A814008B1486 /* SegmentifyIosDemo */ = {
			isa = PBXNativeTarget;
			buildConfigurationList = 57FFD4F21FD9A814008B1486 /* Build configuration list for PBXNativeTarget "SegmentifyIosDemo" */;
			buildPhases = (
				57FFD4C61FD9A814008B1486 /* Sources */,
				57FFD4C71FD9A814008B1486 /* Frameworks */,
				57FFD4C81FD9A814008B1486 /* Resources */,
			);
			buildRules = (
			);
			dependencies = (
			);
			name = SegmentifyIosDemo;
			productName = SegmentifyDeneme;
			productReference = 57FFD4CA1FD9A814008B1486 /* SegmentifyIosDemo.app */;
			productType = "com.apple.product-type.application";
		};
		57FFD4DD1FD9A814008B1486 /* SegmentifyIosDemoTests */ = {
			isa = PBXNativeTarget;
			buildConfigurationList = 57FFD4F51FD9A814008B1486 /* Build configuration list for PBXNativeTarget "SegmentifyIosDemoTests" */;
			buildPhases = (
				57FFD4DA1FD9A814008B1486 /* Sources */,
				57FFD4DB1FD9A814008B1486 /* Frameworks */,
				57FFD4DC1FD9A814008B1486 /* Resources */,
			);
			buildRules = (
			);
			dependencies = (
				57FFD4E01FD9A814008B1486 /* PBXTargetDependency */,
			);
			name = SegmentifyIosDemoTests;
			productName = SegmentifyDenemeTests;
			productReference = 57FFD4DE1FD9A814008B1486 /* SegmentifyIosDemoTests.xctest */;
			productType = "com.apple.product-type.bundle.unit-test";
		};
		57FFD4E81FD9A814008B1486 /* SegmentifyIosDemoUITests */ = {
			isa = PBXNativeTarget;
			buildConfigurationList = 57FFD4F81FD9A814008B1486 /* Build configuration list for PBXNativeTarget "SegmentifyIosDemoUITests" */;
			buildPhases = (
				57FFD4E51FD9A814008B1486 /* Sources */,
				57FFD4E61FD9A814008B1486 /* Frameworks */,
				57FFD4E71FD9A814008B1486 /* Resources */,
			);
			buildRules = (
			);
			dependencies = (
				57FFD4EB1FD9A814008B1486 /* PBXTargetDependency */,
			);
			name = SegmentifyIosDemoUITests;
			productName = SegmentifyDenemeUITests;
			productReference = 57FFD4E91FD9A814008B1486 /* SegmentifyIosDemoUITests.xctest */;
			productType = "com.apple.product-type.bundle.ui-testing";
		};
/* End PBXNativeTarget section */

/* Begin PBXProject section */
		57FFD4C21FD9A814008B1486 /* Project object */ = {
			isa = PBXProject;
			attributes = {
				LastSwiftUpdateCheck = 0900;
				LastUpgradeCheck = 0900;
				ORGANIZATIONNAME = "Ata Anıl Turgay";
				TargetAttributes = {
					57FFD4C91FD9A814008B1486 = {
						CreatedOnToolsVersion = 9.0;
						ProvisioningStyle = Automatic;
					};
					57FFD4DD1FD9A814008B1486 = {
						CreatedOnToolsVersion = 9.0;
						ProvisioningStyle = Automatic;
						TestTargetID = 57FFD4C91FD9A814008B1486;
					};
					57FFD4E81FD9A814008B1486 = {
						CreatedOnToolsVersion = 9.0;
						ProvisioningStyle = Automatic;
						TestTargetID = 57FFD4C91FD9A814008B1486;
					};
				};
			};
			buildConfigurationList = 57FFD4C51FD9A814008B1486 /* Build configuration list for PBXProject "SegmentifyIosDemo" */;
			compatibilityVersion = "Xcode 8.0";
			developmentRegion = en;
			hasScannedForEncodings = 0;
			knownRegions = (
				en,
				Base,
			);
			mainGroup = 57FFD4C11FD9A814008B1486;
			productRefGroup = 57FFD4CB1FD9A814008B1486 /* Products */;
			projectDirPath = "";
			projectRoot = "";
			targets = (
				57FFD4C91FD9A814008B1486 /* SegmentifyIosDemo */,
				57FFD4DD1FD9A814008B1486 /* SegmentifyIosDemoTests */,
				57FFD4E81FD9A814008B1486 /* SegmentifyIosDemoUITests */,
			);
		};
/* End PBXProject section */

/* Begin PBXResourcesBuildPhase section */
		57FFD4C81FD9A814008B1486 /* Resources */ = {
			isa = PBXResourcesBuildPhase;
			buildActionMask = 2147483647;
			files = (
				57FFD4D81FD9A814008B1486 /* LaunchScreen.storyboard in Resources */,
				57FFD4D51FD9A814008B1486 /* Assets.xcassets in Resources */,
				57FFD4D31FD9A814008B1486 /* Main.storyboard in Resources */,
			);
			runOnlyForDeploymentPostprocessing = 0;
		};
		57FFD4DC1FD9A814008B1486 /* Resources */ = {
			isa = PBXResourcesBuildPhase;
			buildActionMask = 2147483647;
			files = (
			);
			runOnlyForDeploymentPostprocessing = 0;
		};
		57FFD4E71FD9A814008B1486 /* Resources */ = {
			isa = PBXResourcesBuildPhase;
			buildActionMask = 2147483647;
			files = (
			);
			runOnlyForDeploymentPostprocessing = 0;
		};
/* End PBXResourcesBuildPhase section */

/* Begin PBXSourcesBuildPhase section */
		57FFD4C61FD9A814008B1486 /* Sources */ = {
			isa = PBXSourcesBuildPhase;
			buildActionMask = 2147483647;
			files = (
				57E926DA1FE00835002E85F4 /* SegmentifyUrlSessionDelegate.swift in Sources */,
				57FFD5041FD9ACCF008B1486 /* SegmentifyTools.swift in Sources */,
				57893D7D1FF51FF400AA8D67 /* SegmentifyObject.swift in Sources */,
				57D547C32011E5E3004FC06C /* CategoryViewController.swift in Sources */,
				57909C66201752CA00903E2A /* ProductModel.swift in Sources */,
				57D547BA2011E14E004FC06C /* HomeViewController.swift in Sources */,
				57FFD5021FD9AC96008B1486 /* SegmentifyRequestProtocol.swift in Sources */,
				576C51D6200F8C470027691F /* CustomTableViewCell.swift in Sources */,
				57D547CD20120D9C004FC06C /* CustomEventViewController.swift in Sources */,
				57909C63201751BB00903E2A /* PageModel.swift in Sources */,
				57909C61201740EC00903E2A /* SegmentifyUserObject.swift in Sources */,
				57909C7A201757FE00903E2A /* CustomEventModel.swift in Sources */,
				57D547CB201209B6004FC06C /* NotFoundViewController.swift in Sources */,
				57FFD4D01FD9A814008B1486 /* SearchViewController.swift in Sources */,
				57909C6C2017568C00903E2A /* CheckoutModel.swift in Sources */,
				57FFD4FC1FD9A854008B1486 /* SegmentifyManager.swift in Sources */,
				57909C7E20175AB600903E2A /* UserChangeModel.swift in Sources */,
				57AD772020078A61009384E8 /* Array.swift in Sources */,
				57D547C52011E888004FC06C /* BasketViewController.swift in Sources */,
				57FFD4CE1FD9A814008B1486 /* AppDelegate.swift in Sources */,
				573DE8712002B5C600DE57DA /* DynamicItemsModel.swift in Sources */,
				57FFD4FE1FD9ABC1008B1486 /* SegmentifyAnalyticWrapper.swift in Sources */,
				57909C722017575400903E2A /* UserModel.swift in Sources */,
				57D547C72011EC2A004FC06C /* PurchaseSuccessViewController.swift in Sources */,
				573DE8752003A23A00DE57DA /* ProductRecommendationModel.swift in Sources */,
				57FFD5061FDA0589008B1486 /* SegmentifyConnectionManager.swift in Sources */,
				57D547CF201284DE004FC06C /* ConfigModel.swift in Sources */,
				57909C682017558800903E2A /* BasketModel.swift in Sources */,
				573DE8732003A1B600DE57DA /* RecommendationModel.swift in Sources */,
				57FFD5001FD9AC4C008B1486 /* SegmentifyRegisterRequest.swift in Sources */,
				57909C7C2017582400903E2A /* InteractionModel.swift in Sources */,
				575BF4CF1FEBA436007B4354 /* Constant.swift in Sources */,
				57D547C12011E534004FC06C /* HomePageViewController.swift in Sources */,
			);
			runOnlyForDeploymentPostprocessing = 0;
		};
		57FFD4DA1FD9A814008B1486 /* Sources */ = {
			isa = PBXSourcesBuildPhase;
			buildActionMask = 2147483647;
			files = (
				57FFD4E31FD9A814008B1486 /* SegmentifyDenemeTests.swift in Sources */,
			);
			runOnlyForDeploymentPostprocessing = 0;
		};
		57FFD4E51FD9A814008B1486 /* Sources */ = {
			isa = PBXSourcesBuildPhase;
			buildActionMask = 2147483647;
			files = (
				57FFD4EE1FD9A814008B1486 /* SegmentifyDenemeUITests.swift in Sources */,
			);
			runOnlyForDeploymentPostprocessing = 0;
		};
/* End PBXSourcesBuildPhase section */

/* Begin PBXTargetDependency section */
		57FFD4E01FD9A814008B1486 /* PBXTargetDependency */ = {
			isa = PBXTargetDependency;
			target = 57FFD4C91FD9A814008B1486 /* SegmentifyIosDemo */;
			targetProxy = 57FFD4DF1FD9A814008B1486 /* PBXContainerItemProxy */;
		};
		57FFD4EB1FD9A814008B1486 /* PBXTargetDependency */ = {
			isa = PBXTargetDependency;
			target = 57FFD4C91FD9A814008B1486 /* SegmentifyIosDemo */;
			targetProxy = 57FFD4EA1FD9A814008B1486 /* PBXContainerItemProxy */;
		};
/* End PBXTargetDependency section */

/* Begin PBXVariantGroup section */
		57FFD4D11FD9A814008B1486 /* Main.storyboard */ = {
			isa = PBXVariantGroup;
			children = (
				57FFD4D21FD9A814008B1486 /* Base */,
			);
			name = Main.storyboard;
			sourceTree = "<group>";
		};
		57FFD4D61FD9A814008B1486 /* LaunchScreen.storyboard */ = {
			isa = PBXVariantGroup;
			children = (
				57FFD4D71FD9A814008B1486 /* Base */,
			);
			name = LaunchScreen.storyboard;
			sourceTree = "<group>";
		};
/* End PBXVariantGroup section */

/* Begin XCBuildConfiguration section */
		57FFD4F01FD9A814008B1486 /* Debug */ = {
			isa = XCBuildConfiguration;
			buildSettings = {
				ALWAYS_SEARCH_USER_PATHS = NO;
				CLANG_ANALYZER_NONNULL = YES;
				CLANG_ANALYZER_NUMBER_OBJECT_CONVERSION = YES_AGGRESSIVE;
				CLANG_CXX_LANGUAGE_STANDARD = "gnu++14";
				CLANG_CXX_LIBRARY = "libc++";
				CLANG_ENABLE_MODULES = YES;
				CLANG_ENABLE_OBJC_ARC = YES;
				CLANG_WARN_BLOCK_CAPTURE_AUTORELEASING = YES;
				CLANG_WARN_BOOL_CONVERSION = YES;
				CLANG_WARN_COMMA = YES;
				CLANG_WARN_CONSTANT_CONVERSION = YES;
				CLANG_WARN_DIRECT_OBJC_ISA_USAGE = YES_ERROR;
				CLANG_WARN_DOCUMENTATION_COMMENTS = YES;
				CLANG_WARN_EMPTY_BODY = YES;
				CLANG_WARN_ENUM_CONVERSION = YES;
				CLANG_WARN_INFINITE_RECURSION = YES;
				CLANG_WARN_INT_CONVERSION = YES;
				CLANG_WARN_NON_LITERAL_NULL_CONVERSION = YES;
				CLANG_WARN_OBJC_LITERAL_CONVERSION = YES;
				CLANG_WARN_OBJC_ROOT_CLASS = YES_ERROR;
				CLANG_WARN_RANGE_LOOP_ANALYSIS = YES;
				CLANG_WARN_STRICT_PROTOTYPES = YES;
				CLANG_WARN_SUSPICIOUS_MOVE = YES;
				CLANG_WARN_UNGUARDED_AVAILABILITY = YES_AGGRESSIVE;
				CLANG_WARN_UNREACHABLE_CODE = YES;
				CLANG_WARN__DUPLICATE_METHOD_MATCH = YES;
				CODE_SIGN_IDENTITY = "iPhone Developer";
				COPY_PHASE_STRIP = NO;
				DEBUG_INFORMATION_FORMAT = dwarf;
				ENABLE_STRICT_OBJC_MSGSEND = YES;
				ENABLE_TESTABILITY = YES;
				GCC_C_LANGUAGE_STANDARD = gnu11;
				GCC_DYNAMIC_NO_PIC = NO;
				GCC_NO_COMMON_BLOCKS = YES;
				GCC_OPTIMIZATION_LEVEL = 0;
				GCC_PREPROCESSOR_DEFINITIONS = (
					"DEBUG=1",
					"$(inherited)",
				);
				GCC_WARN_64_TO_32_BIT_CONVERSION = YES;
				GCC_WARN_ABOUT_RETURN_TYPE = YES_ERROR;
				GCC_WARN_UNDECLARED_SELECTOR = YES;
				GCC_WARN_UNINITIALIZED_AUTOS = YES_AGGRESSIVE;
				GCC_WARN_UNUSED_FUNCTION = YES;
				GCC_WARN_UNUSED_VARIABLE = YES;
				IPHONEOS_DEPLOYMENT_TARGET = 9.0;
				MTL_ENABLE_DEBUG_INFO = YES;
				ONLY_ACTIVE_ARCH = YES;
				SDKROOT = iphoneos;
				SWIFT_ACTIVE_COMPILATION_CONDITIONS = DEBUG;
				SWIFT_OPTIMIZATION_LEVEL = "-Onone";
			};
			name = Debug;
		};
		57FFD4F11FD9A814008B1486 /* Release */ = {
			isa = XCBuildConfiguration;
			buildSettings = {
				ALWAYS_SEARCH_USER_PATHS = NO;
				CLANG_ANALYZER_NONNULL = YES;
				CLANG_ANALYZER_NUMBER_OBJECT_CONVERSION = YES_AGGRESSIVE;
				CLANG_CXX_LANGUAGE_STANDARD = "gnu++14";
				CLANG_CXX_LIBRARY = "libc++";
				CLANG_ENABLE_MODULES = YES;
				CLANG_ENABLE_OBJC_ARC = YES;
				CLANG_WARN_BLOCK_CAPTURE_AUTORELEASING = YES;
				CLANG_WARN_BOOL_CONVERSION = YES;
				CLANG_WARN_COMMA = YES;
				CLANG_WARN_CONSTANT_CONVERSION = YES;
				CLANG_WARN_DIRECT_OBJC_ISA_USAGE = YES_ERROR;
				CLANG_WARN_DOCUMENTATION_COMMENTS = YES;
				CLANG_WARN_EMPTY_BODY = YES;
				CLANG_WARN_ENUM_CONVERSION = YES;
				CLANG_WARN_INFINITE_RECURSION = YES;
				CLANG_WARN_INT_CONVERSION = YES;
				CLANG_WARN_NON_LITERAL_NULL_CONVERSION = YES;
				CLANG_WARN_OBJC_LITERAL_CONVERSION = YES;
				CLANG_WARN_OBJC_ROOT_CLASS = YES_ERROR;
				CLANG_WARN_RANGE_LOOP_ANALYSIS = YES;
				CLANG_WARN_STRICT_PROTOTYPES = YES;
				CLANG_WARN_SUSPICIOUS_MOVE = YES;
				CLANG_WARN_UNGUARDED_AVAILABILITY = YES_AGGRESSIVE;
				CLANG_WARN_UNREACHABLE_CODE = YES;
				CLANG_WARN__DUPLICATE_METHOD_MATCH = YES;
				CODE_SIGN_IDENTITY = "iPhone Developer";
				COPY_PHASE_STRIP = NO;
				DEBUG_INFORMATION_FORMAT = "dwarf-with-dsym";
				ENABLE_NS_ASSERTIONS = NO;
				ENABLE_STRICT_OBJC_MSGSEND = YES;
				GCC_C_LANGUAGE_STANDARD = gnu11;
				GCC_NO_COMMON_BLOCKS = YES;
				GCC_WARN_64_TO_32_BIT_CONVERSION = YES;
				GCC_WARN_ABOUT_RETURN_TYPE = YES_ERROR;
				GCC_WARN_UNDECLARED_SELECTOR = YES;
				GCC_WARN_UNINITIALIZED_AUTOS = YES_AGGRESSIVE;
				GCC_WARN_UNUSED_FUNCTION = YES;
				GCC_WARN_UNUSED_VARIABLE = YES;
				IPHONEOS_DEPLOYMENT_TARGET = 9.0;
				MTL_ENABLE_DEBUG_INFO = NO;
				SDKROOT = iphoneos;
				SWIFT_OPTIMIZATION_LEVEL = "-Owholemodule";
				VALIDATE_PRODUCT = YES;
			};
			name = Release;
		};
		57FFD4F31FD9A814008B1486 /* Debug */ = {
			isa = XCBuildConfiguration;
			buildSettings = {
				ASSETCATALOG_COMPILER_APPICON_NAME = AppIcon;
				CODE_SIGN_STYLE = Automatic;
				DEVELOPMENT_TEAM = UNH7R3SK3U;
				INFOPLIST_FILE = SegmentifyDeneme/Info.plist;
				IPHONEOS_DEPLOYMENT_TARGET = 9.0;
				LD_RUNPATH_SEARCH_PATHS = "$(inherited) @executable_path/Frameworks";
				PRODUCT_BUNDLE_IDENTIFIER = com.ataanilturgay.SegmentifyIosDemo;
				PRODUCT_NAME = "$(TARGET_NAME)";
				SWIFT_VERSION = 4.0;
				TARGETED_DEVICE_FAMILY = "1,2";
			};
			name = Debug;
		};
		57FFD4F41FD9A814008B1486 /* Release */ = {
			isa = XCBuildConfiguration;
			buildSettings = {
				ASSETCATALOG_COMPILER_APPICON_NAME = AppIcon;
				CODE_SIGN_STYLE = Automatic;
				DEVELOPMENT_TEAM = UNH7R3SK3U;
				INFOPLIST_FILE = SegmentifyDeneme/Info.plist;
				IPHONEOS_DEPLOYMENT_TARGET = 9.0;
				LD_RUNPATH_SEARCH_PATHS = "$(inherited) @executable_path/Frameworks";
				PRODUCT_BUNDLE_IDENTIFIER = com.ataanilturgay.SegmentifyIosDemo;
				PRODUCT_NAME = "$(TARGET_NAME)";
				SWIFT_VERSION = 4.0;
				TARGETED_DEVICE_FAMILY = "1,2";
			};
			name = Release;
		};
		57FFD4F61FD9A814008B1486 /* Debug */ = {
			isa = XCBuildConfiguration;
			buildSettings = {
				ALWAYS_EMBED_SWIFT_STANDARD_LIBRARIES = YES;
				BUNDLE_LOADER = "$(TEST_HOST)";
				CODE_SIGN_STYLE = Automatic;
				DEVELOPMENT_TEAM = UNH7R3SK3U;
				INFOPLIST_FILE = SegmentifyDenemeTests/Info.plist;
				LD_RUNPATH_SEARCH_PATHS = "$(inherited) @executable_path/Frameworks @loader_path/Frameworks";
				PRODUCT_BUNDLE_IDENTIFIER = com.ataanilturgay.SegmentifyDenemeTests;
				PRODUCT_NAME = "$(TARGET_NAME)";
				SWIFT_VERSION = 4.0;
				TARGETED_DEVICE_FAMILY = "1,2";
				TEST_HOST = "$(BUILT_PRODUCTS_DIR)/SegmentifyDeneme.app/SegmentifyDeneme";
			};
			name = Debug;
		};
		57FFD4F71FD9A814008B1486 /* Release */ = {
			isa = XCBuildConfiguration;
			buildSettings = {
				ALWAYS_EMBED_SWIFT_STANDARD_LIBRARIES = YES;
				BUNDLE_LOADER = "$(TEST_HOST)";
				CODE_SIGN_STYLE = Automatic;
				DEVELOPMENT_TEAM = UNH7R3SK3U;
				INFOPLIST_FILE = SegmentifyDenemeTests/Info.plist;
				LD_RUNPATH_SEARCH_PATHS = "$(inherited) @executable_path/Frameworks @loader_path/Frameworks";
				PRODUCT_BUNDLE_IDENTIFIER = com.ataanilturgay.SegmentifyDenemeTests;
				PRODUCT_NAME = "$(TARGET_NAME)";
				SWIFT_VERSION = 4.0;
				TARGETED_DEVICE_FAMILY = "1,2";
				TEST_HOST = "$(BUILT_PRODUCTS_DIR)/SegmentifyDeneme.app/SegmentifyDeneme";
			};
			name = Release;
		};
		57FFD4F91FD9A814008B1486 /* Debug */ = {
			isa = XCBuildConfiguration;
			buildSettings = {
				ALWAYS_EMBED_SWIFT_STANDARD_LIBRARIES = YES;
				CODE_SIGN_STYLE = Automatic;
				DEVELOPMENT_TEAM = UNH7R3SK3U;
				INFOPLIST_FILE = SegmentifyDenemeUITests/Info.plist;
				LD_RUNPATH_SEARCH_PATHS = "$(inherited) @executable_path/Frameworks @loader_path/Frameworks";
				PRODUCT_BUNDLE_IDENTIFIER = com.ataanilturgay.SegmentifyDenemeUITests;
				PRODUCT_NAME = "$(TARGET_NAME)";
				SWIFT_VERSION = 4.0;
				TARGETED_DEVICE_FAMILY = "1,2";
				TEST_TARGET_NAME = SegmentifyDeneme;
			};
			name = Debug;
		};
		57FFD4FA1FD9A814008B1486 /* Release */ = {
			isa = XCBuildConfiguration;
			buildSettings = {
				ALWAYS_EMBED_SWIFT_STANDARD_LIBRARIES = YES;
				CODE_SIGN_STYLE = Automatic;
				DEVELOPMENT_TEAM = UNH7R3SK3U;
				INFOPLIST_FILE = SegmentifyDenemeUITests/Info.plist;
				LD_RUNPATH_SEARCH_PATHS = "$(inherited) @executable_path/Frameworks @loader_path/Frameworks";
				PRODUCT_BUNDLE_IDENTIFIER = com.ataanilturgay.SegmentifyDenemeUITests;
				PRODUCT_NAME = "$(TARGET_NAME)";
				SWIFT_VERSION = 4.0;
				TARGETED_DEVICE_FAMILY = "1,2";
				TEST_TARGET_NAME = SegmentifyDeneme;
			};
			name = Release;
		};
/* End XCBuildConfiguration section */

/* Begin XCConfigurationList section */
		57FFD4C51FD9A814008B1486 /* Build configuration list for PBXProject "SegmentifyIosDemo" */ = {
			isa = XCConfigurationList;
			buildConfigurations = (
				57FFD4F01FD9A814008B1486 /* Debug */,
				57FFD4F11FD9A814008B1486 /* Release */,
			);
			defaultConfigurationIsVisible = 0;
			defaultConfigurationName = Release;
		};
		57FFD4F21FD9A814008B1486 /* Build configuration list for PBXNativeTarget "SegmentifyIosDemo" */ = {
			isa = XCConfigurationList;
			buildConfigurations = (
				57FFD4F31FD9A814008B1486 /* Debug */,
				57FFD4F41FD9A814008B1486 /* Release */,
			);
			defaultConfigurationIsVisible = 0;
			defaultConfigurationName = Release;
		};
		57FFD4F51FD9A814008B1486 /* Build configuration list for PBXNativeTarget "SegmentifyIosDemoTests" */ = {
			isa = XCConfigurationList;
			buildConfigurations = (
				57FFD4F61FD9A814008B1486 /* Debug */,
				57FFD4F71FD9A814008B1486 /* Release */,
			);
			defaultConfigurationIsVisible = 0;
			defaultConfigurationName = Release;
		};
		57FFD4F81FD9A814008B1486 /* Build configuration list for PBXNativeTarget "SegmentifyIosDemoUITests" */ = {
			isa = XCConfigurationList;
			buildConfigurations = (
				57FFD4F91FD9A814008B1486 /* Debug */,
				57FFD4FA1FD9A814008B1486 /* Release */,
			);
			defaultConfigurationIsVisible = 0;
			defaultConfigurationName = Release;
		};
/* End XCConfigurationList section */
	};
	rootObject = 57FFD4C21FD9A814008B1486 /* Project object */;
}
