// !$*UTF8*$!
{
	archiveVersion = 1;
	classes = {
	};
	objectVersion = 48;
	objects = {

/* Begin PBXBuildFile section */
		57ADFB6F2017FD5000FE95D8 /* AppDelegate.swift in Sources */ = {isa = PBXBuildFile; fileRef = 57ADFB3B2017FD5000FE95D8 /* AppDelegate.swift */; };
		57ADFB702017FD5000FE95D8 /* Assets.xcassets in Resources */ = {isa = PBXBuildFile; fileRef = 57ADFB3C2017FD5000FE95D8 /* Assets.xcassets */; };
		57ADFB712017FD5000FE95D8 /* LaunchScreen.storyboard in Resources */ = {isa = PBXBuildFile; fileRef = 57ADFB3D2017FD5000FE95D8 /* LaunchScreen.storyboard */; };
		57ADFB722017FD5000FE95D8 /* Main.storyboard in Resources */ = {isa = PBXBuildFile; fileRef = 57ADFB3F2017FD5000FE95D8 /* Main.storyboard */; };
		57ADFB732017FD5000FE95D8 /* Constant.swift in Sources */ = {isa = PBXBuildFile; fileRef = 57ADFB412017FD5000FE95D8 /* Constant.swift */; };
		57ADFB742017FD5000FE95D8 /* Array.swift in Sources */ = {isa = PBXBuildFile; fileRef = 57ADFB432017FD5000FE95D8 /* Array.swift */; };
		57ADFB762017FD5000FE95D8 /* ConfigModel.swift in Sources */ = {isa = PBXBuildFile; fileRef = 57ADFB462017FD5000FE95D8 /* ConfigModel.swift */; };
		57ADFB772017FD5000FE95D8 /* DynamicItemsModel.swift in Sources */ = {isa = PBXBuildFile; fileRef = 57ADFB472017FD5000FE95D8 /* DynamicItemsModel.swift */; };
		57ADFB782017FD5000FE95D8 /* BasketModel.swift in Sources */ = {isa = PBXBuildFile; fileRef = 57ADFB492017FD5000FE95D8 /* BasketModel.swift */; };
		57ADFB792017FD5000FE95D8 /* CheckoutModel.swift in Sources */ = {isa = PBXBuildFile; fileRef = 57ADFB4A2017FD5000FE95D8 /* CheckoutModel.swift */; };
		57ADFB7A2017FD5000FE95D8 /* CustomEventModel.swift in Sources */ = {isa = PBXBuildFile; fileRef = 57ADFB4B2017FD5000FE95D8 /* CustomEventModel.swift */; };
		57ADFB7B2017FD5000FE95D8 /* InteractionModel.swift in Sources */ = {isa = PBXBuildFile; fileRef = 57ADFB4C2017FD5000FE95D8 /* InteractionModel.swift */; };
		57ADFB7C2017FD5000FE95D8 /* PageModel.swift in Sources */ = {isa = PBXBuildFile; fileRef = 57ADFB4D2017FD5000FE95D8 /* PageModel.swift */; };
		57ADFB7D2017FD5000FE95D8 /* ProductModel.swift in Sources */ = {isa = PBXBuildFile; fileRef = 57ADFB4E2017FD5000FE95D8 /* ProductModel.swift */; };
		57ADFB7E2017FD5000FE95D8 /* UserChangeModel.swift in Sources */ = {isa = PBXBuildFile; fileRef = 57ADFB4F2017FD5000FE95D8 /* UserChangeModel.swift */; };
		57ADFB7F2017FD5000FE95D8 /* UserModel.swift in Sources */ = {isa = PBXBuildFile; fileRef = 57ADFB502017FD5000FE95D8 /* UserModel.swift */; };
		57ADFB802017FD5000FE95D8 /* ProductRecommendationModel.swift in Sources */ = {isa = PBXBuildFile; fileRef = 57ADFB512017FD5000FE95D8 /* ProductRecommendationModel.swift */; };
		57ADFB812017FD5000FE95D8 /* RecommendationModel.swift in Sources */ = {isa = PBXBuildFile; fileRef = 57ADFB522017FD5000FE95D8 /* RecommendationModel.swift */; };
		57ADFB822017FD5000FE95D8 /* SegmentifyObject.swift in Sources */ = {isa = PBXBuildFile; fileRef = 57ADFB532017FD5000FE95D8 /* SegmentifyObject.swift */; };
		57ADFB842017FD5000FE95D8 /* SegmentifyConnectionManager.swift in Sources */ = {isa = PBXBuildFile; fileRef = 57ADFB552017FD5000FE95D8 /* SegmentifyConnectionManager.swift */; };
		57ADFB852017FD5000FE95D8 /* SegmentifyManager.swift in Sources */ = {isa = PBXBuildFile; fileRef = 57ADFB572017FD5000FE95D8 /* SegmentifyManager.swift */; };
		57ADFB862017FD5000FE95D8 /* SegmentifyRegisterRequest.swift in Sources */ = {isa = PBXBuildFile; fileRef = 57ADFB582017FD5000FE95D8 /* SegmentifyRegisterRequest.swift */; };
		57ADFB872017FD5000FE95D8 /* SegmentifyRequestProtocol.swift in Sources */ = {isa = PBXBuildFile; fileRef = 57ADFB592017FD5000FE95D8 /* SegmentifyRequestProtocol.swift */; };
		57ADFB882017FD5000FE95D8 /* SegmentifyTools.swift in Sources */ = {isa = PBXBuildFile; fileRef = 57ADFB5A2017FD5000FE95D8 /* SegmentifyTools.swift */; };
		57ADFB892017FD5000FE95D8 /* SegmentifyUrlSessionDelegate.swift in Sources */ = {isa = PBXBuildFile; fileRef = 57ADFB5B2017FD5000FE95D8 /* SegmentifyUrlSessionDelegate.swift */; };
		57ADFB8B2017FD5000FE95D8 /* CustomTableViewCell.swift in Sources */ = {isa = PBXBuildFile; fileRef = 57ADFB5E2017FD5000FE95D8 /* CustomTableViewCell.swift */; };
		57ADFB8C2017FD5000FE95D8 /* BasketViewController.swift in Sources */ = {isa = PBXBuildFile; fileRef = 57ADFB602017FD5000FE95D8 /* BasketViewController.swift */; };
		57ADFB8E2017FD5000FE95D8 /* CategoryViewController.swift in Sources */ = {isa = PBXBuildFile; fileRef = 57ADFB622017FD5000FE95D8 /* CategoryViewController.swift */; };
		57ADFB8F2017FD5000FE95D8 /* CustomEventViewController.swift in Sources */ = {isa = PBXBuildFile; fileRef = 57ADFB632017FD5000FE95D8 /* CustomEventViewController.swift */; };
		57ADFB902017FD5000FE95D8 /* HomePageViewController.swift in Sources */ = {isa = PBXBuildFile; fileRef = 57ADFB642017FD5000FE95D8 /* HomePageViewController.swift */; };
		57ADFB912017FD5000FE95D8 /* HomeViewController.swift in Sources */ = {isa = PBXBuildFile; fileRef = 57ADFB652017FD5000FE95D8 /* HomeViewController.swift */; };
		57ADFB922017FD5000FE95D8 /* NotFoundViewController.swift in Sources */ = {isa = PBXBuildFile; fileRef = 57ADFB662017FD5000FE95D8 /* NotFoundViewController.swift */; };
		57ADFB932017FD5000FE95D8 /* PurchaseSuccessViewController.swift in Sources */ = {isa = PBXBuildFile; fileRef = 57ADFB672017FD5000FE95D8 /* PurchaseSuccessViewController.swift */; };
		57ADFB942017FD5000FE95D8 /* SearchViewController.swift in Sources */ = {isa = PBXBuildFile; fileRef = 57ADFB682017FD5000FE95D8 /* SearchViewController.swift */; };
		B28D0E8920188382007225E9 /* ProductViewController.swift in Sources */ = {isa = PBXBuildFile; fileRef = B28D0E8820188382007225E9 /* ProductViewController.swift */; };
/* End PBXBuildFile section */

/* Begin PBXContainerItemProxy section */
		57FFD4DF1FD9A814008B1486 /* PBXContainerItemProxy */ = {
			isa = PBXContainerItemProxy;
			containerPortal = 57FFD4C21FD9A814008B1486 /* Project object */;
			proxyType = 1;
			remoteGlobalIDString = 57FFD4C91FD9A814008B1486;
			remoteInfo = SegmentifyDeneme;
		};
		57FFD4EA1FD9A814008B1486 /* PBXContainerItemProxy */ = {
			isa = PBXContainerItemProxy;
			containerPortal = 57FFD4C21FD9A814008B1486 /* Project object */;
			proxyType = 1;
			remoteGlobalIDString = 57FFD4C91FD9A814008B1486;
			remoteInfo = SegmentifyDeneme;
		};
/* End PBXContainerItemProxy section */

/* Begin PBXFileReference section */
		57ADFB3B2017FD5000FE95D8 /* AppDelegate.swift */ = {isa = PBXFileReference; fileEncoding = 4; lastKnownFileType = sourcecode.swift; path = AppDelegate.swift; sourceTree = "<group>"; };
		57ADFB3C2017FD5000FE95D8 /* Assets.xcassets */ = {isa = PBXFileReference; lastKnownFileType = folder.assetcatalog; path = Assets.xcassets; sourceTree = "<group>"; };
		57ADFB3E2017FD5000FE95D8 /* Base */ = {isa = PBXFileReference; lastKnownFileType = file.storyboard; name = Base; path = Base.lproj/LaunchScreen.storyboard; sourceTree = "<group>"; };
		57ADFB402017FD5000FE95D8 /* Base */ = {isa = PBXFileReference; lastKnownFileType = file.storyboard; name = Base; path = Base.lproj/Main.storyboard; sourceTree = "<group>"; };
		57ADFB412017FD5000FE95D8 /* Constant.swift */ = {isa = PBXFileReference; fileEncoding = 4; lastKnownFileType = sourcecode.swift; path = Constant.swift; sourceTree = "<group>"; };
		57ADFB432017FD5000FE95D8 /* Array.swift */ = {isa = PBXFileReference; fileEncoding = 4; lastKnownFileType = sourcecode.swift; path = Array.swift; sourceTree = "<group>"; };
		57ADFB442017FD5000FE95D8 /* Info.plist */ = {isa = PBXFileReference; fileEncoding = 4; lastKnownFileType = text.plist.xml; path = Info.plist; sourceTree = "<group>"; };
		57ADFB462017FD5000FE95D8 /* ConfigModel.swift */ = {isa = PBXFileReference; fileEncoding = 4; lastKnownFileType = sourcecode.swift; path = ConfigModel.swift; sourceTree = "<group>"; };
		57ADFB472017FD5000FE95D8 /* DynamicItemsModel.swift */ = {isa = PBXFileReference; fileEncoding = 4; lastKnownFileType = sourcecode.swift; path = DynamicItemsModel.swift; sourceTree = "<group>"; };
		57ADFB492017FD5000FE95D8 /* BasketModel.swift */ = {isa = PBXFileReference; fileEncoding = 4; lastKnownFileType = sourcecode.swift; path = BasketModel.swift; sourceTree = "<group>"; };
		57ADFB4A2017FD5000FE95D8 /* CheckoutModel.swift */ = {isa = PBXFileReference; fileEncoding = 4; lastKnownFileType = sourcecode.swift; path = CheckoutModel.swift; sourceTree = "<group>"; };
		57ADFB4B2017FD5000FE95D8 /* CustomEventModel.swift */ = {isa = PBXFileReference; fileEncoding = 4; lastKnownFileType = sourcecode.swift; path = CustomEventModel.swift; sourceTree = "<group>"; };
		57ADFB4C2017FD5000FE95D8 /* InteractionModel.swift */ = {isa = PBXFileReference; fileEncoding = 4; lastKnownFileType = sourcecode.swift; path = InteractionModel.swift; sourceTree = "<group>"; };
		57ADFB4D2017FD5000FE95D8 /* PageModel.swift */ = {isa = PBXFileReference; fileEncoding = 4; lastKnownFileType = sourcecode.swift; path = PageModel.swift; sourceTree = "<group>"; };
		57ADFB4E2017FD5000FE95D8 /* ProductModel.swift */ = {isa = PBXFileReference; fileEncoding = 4; lastKnownFileType = sourcecode.swift; path = ProductModel.swift; sourceTree = "<group>"; };
		57ADFB4F2017FD5000FE95D8 /* UserChangeModel.swift */ = {isa = PBXFileReference; fileEncoding = 4; lastKnownFileType = sourcecode.swift; path = UserChangeModel.swift; sourceTree = "<group>"; };
		57ADFB502017FD5000FE95D8 /* UserModel.swift */ = {isa = PBXFileReference; fileEncoding = 4; lastKnownFileType = sourcecode.swift; path = UserModel.swift; sourceTree = "<group>"; };
		57ADFB512017FD5000FE95D8 /* ProductRecommendationModel.swift */ = {isa = PBXFileReference; fileEncoding = 4; lastKnownFileType = sourcecode.swift; path = ProductRecommendationModel.swift; sourceTree = "<group>"; };
		57ADFB522017FD5000FE95D8 /* RecommendationModel.swift */ = {isa = PBXFileReference; fileEncoding = 4; lastKnownFileType = sourcecode.swift; path = RecommendationModel.swift; sourceTree = "<group>"; };
		57ADFB532017FD5000FE95D8 /* SegmentifyObject.swift */ = {isa = PBXFileReference; fileEncoding = 4; lastKnownFileType = sourcecode.swift; path = SegmentifyObject.swift; sourceTree = "<group>"; };
		57ADFB552017FD5000FE95D8 /* SegmentifyConnectionManager.swift */ = {isa = PBXFileReference; fileEncoding = 4; lastKnownFileType = sourcecode.swift; path = SegmentifyConnectionManager.swift; sourceTree = "<group>"; };
		57ADFB562017FD5000FE95D8 /* SegmentifyDeneme-Bridging.h */ = {isa = PBXFileReference; fileEncoding = 4; lastKnownFileType = sourcecode.c.h; path = "SegmentifyDeneme-Bridging.h"; sourceTree = "<group>"; };
		57ADFB572017FD5000FE95D8 /* SegmentifyManager.swift */ = {isa = PBXFileReference; fileEncoding = 4; lastKnownFileType = sourcecode.swift; path = SegmentifyManager.swift; sourceTree = "<group>"; };
		57ADFB582017FD5000FE95D8 /* SegmentifyRegisterRequest.swift */ = {isa = PBXFileReference; fileEncoding = 4; lastKnownFileType = sourcecode.swift; path = SegmentifyRegisterRequest.swift; sourceTree = "<group>"; };
		57ADFB592017FD5000FE95D8 /* SegmentifyRequestProtocol.swift */ = {isa = PBXFileReference; fileEncoding = 4; lastKnownFileType = sourcecode.swift; path = SegmentifyRequestProtocol.swift; sourceTree = "<group>"; };
		57ADFB5A2017FD5000FE95D8 /* SegmentifyTools.swift */ = {isa = PBXFileReference; fileEncoding = 4; lastKnownFileType = sourcecode.swift; path = SegmentifyTools.swift; sourceTree = "<group>"; };
		57ADFB5B2017FD5000FE95D8 /* SegmentifyUrlSessionDelegate.swift */ = {isa = PBXFileReference; fileEncoding = 4; lastKnownFileType = sourcecode.swift; path = SegmentifyUrlSessionDelegate.swift; sourceTree = "<group>"; };
		57ADFB5E2017FD5000FE95D8 /* CustomTableViewCell.swift */ = {isa = PBXFileReference; fileEncoding = 4; lastKnownFileType = sourcecode.swift; path = CustomTableViewCell.swift; sourceTree = "<group>"; };
		57ADFB602017FD5000FE95D8 /* BasketViewController.swift */ = {isa = PBXFileReference; fileEncoding = 4; lastKnownFileType = sourcecode.swift; path = BasketViewController.swift; sourceTree = "<group>"; };
		57ADFB622017FD5000FE95D8 /* CategoryViewController.swift */ = {isa = PBXFileReference; fileEncoding = 4; lastKnownFileType = sourcecode.swift; path = CategoryViewController.swift; sourceTree = "<group>"; };
		57ADFB632017FD5000FE95D8 /* CustomEventViewController.swift */ = {isa = PBXFileReference; fileEncoding = 4; lastKnownFileType = sourcecode.swift; path = CustomEventViewController.swift; sourceTree = "<group>"; };
		57ADFB642017FD5000FE95D8 /* HomePageViewController.swift */ = {isa = PBXFileReference; fileEncoding = 4; lastKnownFileType = sourcecode.swift; path = HomePageViewController.swift; sourceTree = "<group>"; };
		57ADFB652017FD5000FE95D8 /* HomeViewController.swift */ = {isa = PBXFileReference; fileEncoding = 4; lastKnownFileType = sourcecode.swift; path = HomeViewController.swift; sourceTree = "<group>"; };
		57ADFB662017FD5000FE95D8 /* NotFoundViewController.swift */ = {isa = PBXFileReference; fileEncoding = 4; lastKnownFileType = sourcecode.swift; path = NotFoundViewController.swift; sourceTree = "<group>"; };
		57ADFB672017FD5000FE95D8 /* PurchaseSuccessViewController.swift */ = {isa = PBXFileReference; fileEncoding = 4; lastKnownFileType = sourcecode.swift; path = PurchaseSuccessViewController.swift; sourceTree = "<group>"; };
		57ADFB682017FD5000FE95D8 /* SearchViewController.swift */ = {isa = PBXFileReference; fileEncoding = 4; lastKnownFileType = sourcecode.swift; path = SearchViewController.swift; sourceTree = "<group>"; };
		57FFD4CA1FD9A814008B1486 /* SegmentifyIosDemo.app */ = {isa = PBXFileReference; explicitFileType = wrapper.application; includeInIndex = 0; path = SegmentifyIosDemo.app; sourceTree = BUILT_PRODUCTS_DIR; };
		57FFD4DE1FD9A814008B1486 /* SegmentifyIosDemoTests.xctest */ = {isa = PBXFileReference; explicitFileType = wrapper.cfbundle; includeInIndex = 0; path = SegmentifyIosDemoTests.xctest; sourceTree = BUILT_PRODUCTS_DIR; };
		57FFD4E91FD9A814008B1486 /* SegmentifyIosDemoUITests.xctest */ = {isa = PBXFileReference; explicitFileType = wrapper.cfbundle; includeInIndex = 0; path = SegmentifyIosDemoUITests.xctest; sourceTree = BUILT_PRODUCTS_DIR; };
		B28D0E8820188382007225E9 /* ProductViewController.swift */ = {isa = PBXFileReference; fileEncoding = 4; lastKnownFileType = sourcecode.swift; name = ProductViewController.swift; path = "../../../mobile-sdk-ios-sad/SegmentifyDeneme/ViewControllers/ProductViewController.swift"; sourceTree = "<group>"; };
/* End PBXFileReference section */

/* Begin PBXFrameworksBuildPhase section */
		57FFD4C71FD9A814008B1486 /* Frameworks */ = {
			isa = PBXFrameworksBuildPhase;
			buildActionMask = 2147483647;
			files = (
			);
			runOnlyForDeploymentPostprocessing = 0;
		};
		57FFD4DB1FD9A814008B1486 /* Frameworks */ = {
			isa = PBXFrameworksBuildPhase;
			buildActionMask = 2147483647;
			files = (
			);
			runOnlyForDeploymentPostprocessing = 0;
		};
		57FFD4E61FD9A814008B1486 /* Frameworks */ = {
			isa = PBXFrameworksBuildPhase;
			buildActionMask = 2147483647;
			files = (
			);
			runOnlyForDeploymentPostprocessing = 0;
		};
/* End PBXFrameworksBuildPhase section */

/* Begin PBXGroup section */
		57ADFB3A2017FD5000FE95D8 /* SegmentifyIosDemo */ = {
			isa = PBXGroup;
			children = (
				57ADFB3B2017FD5000FE95D8 /* AppDelegate.swift */,
				57ADFB3C2017FD5000FE95D8 /* Assets.xcassets */,
				57ADFB3D2017FD5000FE95D8 /* LaunchScreen.storyboard */,
				57ADFB3F2017FD5000FE95D8 /* Main.storyboard */,
				57ADFB422017FD5000FE95D8 /* Extensions */,
				57ADFB442017FD5000FE95D8 /* Info.plist */,
				57ADFB452017FD5000FE95D8 /* Model */,
				57ADFB552017FD5000FE95D8 /* SegmentifyConnectionManager.swift */,
				57ADFB562017FD5000FE95D8 /* SegmentifyDeneme-Bridging.h */,
				57ADFB572017FD5000FE95D8 /* SegmentifyManager.swift */,
				57ADFB582017FD5000FE95D8 /* SegmentifyRegisterRequest.swift */,
				57ADFB592017FD5000FE95D8 /* SegmentifyRequestProtocol.swift */,
				57ADFB5A2017FD5000FE95D8 /* SegmentifyTools.swift */,
				57ADFB5B2017FD5000FE95D8 /* SegmentifyUrlSessionDelegate.swift */,
				57ADFB5D2017FD5000FE95D8 /* View */,
				57ADFB5F2017FD5000FE95D8 /* ViewControllers */,
			);
			path = SegmentifyIosDemo;
			sourceTree = "<group>";
		};
		57ADFB422017FD5000FE95D8 /* Extensions */ = {
			isa = PBXGroup;
			children = (
				57ADFB412017FD5000FE95D8 /* Constant.swift */,
				57ADFB432017FD5000FE95D8 /* Array.swift */,
			);
			path = Extensions;
			sourceTree = "<group>";
		};
		57ADFB452017FD5000FE95D8 /* Model */ = {
			isa = PBXGroup;
			children = (
				57ADFB462017FD5000FE95D8 /* ConfigModel.swift */,
				57ADFB472017FD5000FE95D8 /* DynamicItemsModel.swift */,
				57ADFB482017FD5000FE95D8 /* EventModel */,
				57ADFB512017FD5000FE95D8 /* ProductRecommendationModel.swift */,
				57ADFB522017FD5000FE95D8 /* RecommendationModel.swift */,
				57ADFB532017FD5000FE95D8 /* SegmentifyObject.swift */,
			);
			path = Model;
			sourceTree = "<group>";
		};
		57ADFB482017FD5000FE95D8 /* EventModel */ = {
			isa = PBXGroup;
			children = (
				57ADFB492017FD5000FE95D8 /* BasketModel.swift */,
				57ADFB4A2017FD5000FE95D8 /* CheckoutModel.swift */,
				57ADFB4B2017FD5000FE95D8 /* CustomEventModel.swift */,
				57ADFB4C2017FD5000FE95D8 /* InteractionModel.swift */,
				57ADFB4D2017FD5000FE95D8 /* PageModel.swift */,
				57ADFB4E2017FD5000FE95D8 /* ProductModel.swift */,
				57ADFB4F2017FD5000FE95D8 /* UserChangeModel.swift */,
				57ADFB502017FD5000FE95D8 /* UserModel.swift */,
			);
			path = EventModel;
			sourceTree = "<group>";
		};
		57ADFB5D2017FD5000FE95D8 /* View */ = {
			isa = PBXGroup;
			children = (
				57ADFB5E2017FD5000FE95D8 /* CustomTableViewCell.swift */,
			);
			path = View;
			sourceTree = "<group>";
		};
		57ADFB5F2017FD5000FE95D8 /* ViewControllers */ = {
			isa = PBXGroup;
			children = (
				57ADFB602017FD5000FE95D8 /* BasketViewController.swift */,
				57ADFB622017FD5000FE95D8 /* CategoryViewController.swift */,
				57ADFB632017FD5000FE95D8 /* CustomEventViewController.swift */,
				57ADFB642017FD5000FE95D8 /* HomePageViewController.swift */,
				B28D0E8820188382007225E9 /* ProductViewController.swift */,
				57ADFB652017FD5000FE95D8 /* HomeViewController.swift */,
				57ADFB662017FD5000FE95D8 /* NotFoundViewController.swift */,
				57ADFB672017FD5000FE95D8 /* PurchaseSuccessViewController.swift */,
				57ADFB682017FD5000FE95D8 /* SearchViewController.swift */,
			);
			path = ViewControllers;
			sourceTree = "<group>";
		};
		57FFD4C11FD9A814008B1486 = {
			isa = PBXGroup;
			children = (
				57ADFB3A2017FD5000FE95D8 /* SegmentifyIosDemo */,
				57FFD4CB1FD9A814008B1486 /* Products */,
			);
			sourceTree = "<group>";
		};
		57FFD4CB1FD9A814008B1486 /* Products */ = {
			isa = PBXGroup;
			children = (
				57FFD4CA1FD9A814008B1486 /* SegmentifyIosDemo.app */,
				57FFD4DE1FD9A814008B1486 /* SegmentifyIosDemoTests.xctest */,
				57FFD4E91FD9A814008B1486 /* SegmentifyIosDemoUITests.xctest */,
			);
			name = Products;
			sourceTree = "<group>";
		};
/* End PBXGroup section */

/* Begin PBXNativeTarget section */
		57FFD4C91FD9A814008B1486 /* SegmentifyIosDemo */ = {
			isa = PBXNativeTarget;
			buildConfigurationList = 57FFD4F21FD9A814008B1486 /* Build configuration list for PBXNativeTarget "SegmentifyIosDemo" */;
			buildPhases = (
				57FFD4C61FD9A814008B1486 /* Sources */,
				57FFD4C71FD9A814008B1486 /* Frameworks */,
				57FFD4C81FD9A814008B1486 /* Resources */,
			);
			buildRules = (
			);
			dependencies = (
			);
			name = SegmentifyIosDemo;
			productName = SegmentifyDeneme;
			productReference = 57FFD4CA1FD9A814008B1486 /* SegmentifyIosDemo.app */;
			productType = "com.apple.product-type.application";
		};
		57FFD4DD1FD9A814008B1486 /* SegmentifyIosDemoTests */ = {
			isa = PBXNativeTarget;
			buildConfigurationList = 57FFD4F51FD9A814008B1486 /* Build configuration list for PBXNativeTarget "SegmentifyIosDemoTests" */;
			buildPhases = (
				57FFD4DA1FD9A814008B1486 /* Sources */,
				57FFD4DB1FD9A814008B1486 /* Frameworks */,
				57FFD4DC1FD9A814008B1486 /* Resources */,
			);
			buildRules = (
			);
			dependencies = (
				57FFD4E01FD9A814008B1486 /* PBXTargetDependency */,
			);
			name = SegmentifyIosDemoTests;
			productName = SegmentifyDenemeTests;
			productReference = 57FFD4DE1FD9A814008B1486 /* SegmentifyIosDemoTests.xctest */;
			productType = "com.apple.product-type.bundle.unit-test";
		};
		57FFD4E81FD9A814008B1486 /* SegmentifyIosDemoUITests */ = {
			isa = PBXNativeTarget;
			buildConfigurationList = 57FFD4F81FD9A814008B1486 /* Build configuration list for PBXNativeTarget "SegmentifyIosDemoUITests" */;
			buildPhases = (
				57FFD4E51FD9A814008B1486 /* Sources */,
				57FFD4E61FD9A814008B1486 /* Frameworks */,
				57FFD4E71FD9A814008B1486 /* Resources */,
			);
			buildRules = (
			);
			dependencies = (
				57FFD4EB1FD9A814008B1486 /* PBXTargetDependency */,
			);
			name = SegmentifyIosDemoUITests;
			productName = SegmentifyDenemeUITests;
			productReference = 57FFD4E91FD9A814008B1486 /* SegmentifyIosDemoUITests.xctest */;
			productType = "com.apple.product-type.bundle.ui-testing";
		};
/* End PBXNativeTarget section */

/* Begin PBXProject section */
		57FFD4C21FD9A814008B1486 /* Project object */ = {
			isa = PBXProject;
			attributes = {
				LastSwiftUpdateCheck = 0900;
				LastUpgradeCheck = 0900;
				ORGANIZATIONNAME = "Ata Anıl Turgay";
				TargetAttributes = {
					57FFD4C91FD9A814008B1486 = {
						CreatedOnToolsVersion = 9.0;
						ProvisioningStyle = Automatic;
					};
					57FFD4DD1FD9A814008B1486 = {
						CreatedOnToolsVersion = 9.0;
						ProvisioningStyle = Automatic;
						TestTargetID = 57FFD4C91FD9A814008B1486;
					};
					57FFD4E81FD9A814008B1486 = {
						CreatedOnToolsVersion = 9.0;
						ProvisioningStyle = Automatic;
						TestTargetID = 57FFD4C91FD9A814008B1486;
					};
				};
			};
			buildConfigurationList = 57FFD4C51FD9A814008B1486 /* Build configuration list for PBXProject "SegmentifyIosDemo" */;
			compatibilityVersion = "Xcode 8.0";
			developmentRegion = en;
			hasScannedForEncodings = 0;
			knownRegions = (
				en,
				Base,
			);
			mainGroup = 57FFD4C11FD9A814008B1486;
			productRefGroup = 57FFD4CB1FD9A814008B1486 /* Products */;
			projectDirPath = "";
			projectRoot = "";
			targets = (
				57FFD4C91FD9A814008B1486 /* SegmentifyIosDemo */,
				57FFD4DD1FD9A814008B1486 /* SegmentifyIosDemoTests */,
				57FFD4E81FD9A814008B1486 /* SegmentifyIosDemoUITests */,
			);
		};
/* End PBXProject section */

/* Begin PBXResourcesBuildPhase section */
		57FFD4C81FD9A814008B1486 /* Resources */ = {
			isa = PBXResourcesBuildPhase;
			buildActionMask = 2147483647;
			files = (
				57ADFB722017FD5000FE95D8 /* Main.storyboard in Resources */,
				57ADFB702017FD5000FE95D8 /* Assets.xcassets in Resources */,
				57ADFB712017FD5000FE95D8 /* LaunchScreen.storyboard in Resources */,
			);
			runOnlyForDeploymentPostprocessing = 0;
		};
		57FFD4DC1FD9A814008B1486 /* Resources */ = {
			isa = PBXResourcesBuildPhase;
			buildActionMask = 2147483647;
			files = (
			);
			runOnlyForDeploymentPostprocessing = 0;
		};
		57FFD4E71FD9A814008B1486 /* Resources */ = {
			isa = PBXResourcesBuildPhase;
			buildActionMask = 2147483647;
			files = (
			);
			runOnlyForDeploymentPostprocessing = 0;
		};
/* End PBXResourcesBuildPhase section */

/* Begin PBXSourcesBuildPhase section */
		57FFD4C61FD9A814008B1486 /* Sources */ = {
			isa = PBXSourcesBuildPhase;
			buildActionMask = 2147483647;
			files = (
				57ADFB802017FD5000FE95D8 /* ProductRecommendationModel.swift in Sources */,
				57ADFB912017FD5000FE95D8 /* HomeViewController.swift in Sources */,
				57ADFB922017FD5000FE95D8 /* NotFoundViewController.swift in Sources */,
				57ADFB8C2017FD5000FE95D8 /* BasketViewController.swift in Sources */,
				57ADFB742017FD5000FE95D8 /* Array.swift in Sources */,
				57ADFB872017FD5000FE95D8 /* SegmentifyRequestProtocol.swift in Sources */,
				57ADFB782017FD5000FE95D8 /* BasketModel.swift in Sources */,
				57ADFB852017FD5000FE95D8 /* SegmentifyManager.swift in Sources */,
				57ADFB8B2017FD5000FE95D8 /* CustomTableViewCell.swift in Sources */,
				57ADFB902017FD5000FE95D8 /* HomePageViewController.swift in Sources */,
				57ADFB892017FD5000FE95D8 /* SegmentifyUrlSessionDelegate.swift in Sources */,
				57ADFB822017FD5000FE95D8 /* SegmentifyObject.swift in Sources */,
				57ADFB6F2017FD5000FE95D8 /* AppDelegate.swift in Sources */,
				57ADFB8F2017FD5000FE95D8 /* CustomEventViewController.swift in Sources */,
				57ADFB732017FD5000FE95D8 /* Constant.swift in Sources */,
				57ADFB7B2017FD5000FE95D8 /* InteractionModel.swift in Sources */,
				57ADFB7F2017FD5000FE95D8 /* UserModel.swift in Sources */,
				57ADFB792017FD5000FE95D8 /* CheckoutModel.swift in Sources */,
				57ADFB942017FD5000FE95D8 /* SearchViewController.swift in Sources */,
				57ADFB8E2017FD5000FE95D8 /* CategoryViewController.swift in Sources */,
				57ADFB842017FD5000FE95D8 /* SegmentifyConnectionManager.swift in Sources */,
				57ADFB7C2017FD5000FE95D8 /* PageModel.swift in Sources */,
				B28D0E8920188382007225E9 /* ProductViewController.swift in Sources */,
				57ADFB7D2017FD5000FE95D8 /* ProductModel.swift in Sources */,
				57ADFB762017FD5000FE95D8 /* ConfigModel.swift in Sources */,
				57ADFB932017FD5000FE95D8 /* PurchaseSuccessViewController.swift in Sources */,
				57ADFB772017FD5000FE95D8 /* DynamicItemsModel.swift in Sources */,
				57ADFB7E2017FD5000FE95D8 /* UserChangeModel.swift in Sources */,
				57ADFB812017FD5000FE95D8 /* RecommendationModel.swift in Sources */,
				57ADFB7A2017FD5000FE95D8 /* CustomEventModel.swift in Sources */,
				57ADFB882017FD5000FE95D8 /* SegmentifyTools.swift in Sources */,
				57ADFB862017FD5000FE95D8 /* SegmentifyRegisterRequest.swift in Sources */,
			);
			runOnlyForDeploymentPostprocessing = 0;
		};
		57FFD4DA1FD9A814008B1486 /* Sources */ = {
			isa = PBXSourcesBuildPhase;
			buildActionMask = 2147483647;
			files = (
			);
			runOnlyForDeploymentPostprocessing = 0;
		};
		57FFD4E51FD9A814008B1486 /* Sources */ = {
			isa = PBXSourcesBuildPhase;
			buildActionMask = 2147483647;
			files = (
			);
			runOnlyForDeploymentPostprocessing = 0;
		};
/* End PBXSourcesBuildPhase section */

/* Begin PBXTargetDependency section */
		57FFD4E01FD9A814008B1486 /* PBXTargetDependency */ = {
			isa = PBXTargetDependency;
			target = 57FFD4C91FD9A814008B1486 /* SegmentifyIosDemo */;
			targetProxy = 57FFD4DF1FD9A814008B1486 /* PBXContainerItemProxy */;
		};
		57FFD4EB1FD9A814008B1486 /* PBXTargetDependency */ = {
			isa = PBXTargetDependency;
			target = 57FFD4C91FD9A814008B1486 /* SegmentifyIosDemo */;
			targetProxy = 57FFD4EA1FD9A814008B1486 /* PBXContainerItemProxy */;
		};
/* End PBXTargetDependency section */

/* Begin PBXVariantGroup section */
		57ADFB3D2017FD5000FE95D8 /* LaunchScreen.storyboard */ = {
			isa = PBXVariantGroup;
			children = (
				57ADFB3E2017FD5000FE95D8 /* Base */,
			);
			name = LaunchScreen.storyboard;
			sourceTree = "<group>";
		};
		57ADFB3F2017FD5000FE95D8 /* Main.storyboard */ = {
			isa = PBXVariantGroup;
			children = (
				57ADFB402017FD5000FE95D8 /* Base */,
			);
			name = Main.storyboard;
			sourceTree = "<group>";
		};
/* End PBXVariantGroup section */

/* Begin XCBuildConfiguration section */
		57FFD4F01FD9A814008B1486 /* Debug */ = {
			isa = XCBuildConfiguration;
			buildSettings = {
				ALWAYS_SEARCH_USER_PATHS = NO;
				CLANG_ANALYZER_NONNULL = YES;
				CLANG_ANALYZER_NUMBER_OBJECT_CONVERSION = YES_AGGRESSIVE;
				CLANG_CXX_LANGUAGE_STANDARD = "gnu++14";
				CLANG_CXX_LIBRARY = "libc++";
				CLANG_ENABLE_MODULES = YES;
				CLANG_ENABLE_OBJC_ARC = YES;
				CLANG_WARN_BLOCK_CAPTURE_AUTORELEASING = YES;
				CLANG_WARN_BOOL_CONVERSION = YES;
				CLANG_WARN_COMMA = YES;
				CLANG_WARN_CONSTANT_CONVERSION = YES;
				CLANG_WARN_DIRECT_OBJC_ISA_USAGE = YES_ERROR;
				CLANG_WARN_DOCUMENTATION_COMMENTS = YES;
				CLANG_WARN_EMPTY_BODY = YES;
				CLANG_WARN_ENUM_CONVERSION = YES;
				CLANG_WARN_INFINITE_RECURSION = YES;
				CLANG_WARN_INT_CONVERSION = YES;
				CLANG_WARN_NON_LITERAL_NULL_CONVERSION = YES;
				CLANG_WARN_OBJC_LITERAL_CONVERSION = YES;
				CLANG_WARN_OBJC_ROOT_CLASS = YES_ERROR;
				CLANG_WARN_RANGE_LOOP_ANALYSIS = YES;
				CLANG_WARN_STRICT_PROTOTYPES = YES;
				CLANG_WARN_SUSPICIOUS_MOVE = YES;
				CLANG_WARN_UNGUARDED_AVAILABILITY = YES_AGGRESSIVE;
				CLANG_WARN_UNREACHABLE_CODE = YES;
				CLANG_WARN__DUPLICATE_METHOD_MATCH = YES;
				CODE_SIGN_IDENTITY = "iPhone Developer";
				COPY_PHASE_STRIP = NO;
				DEBUG_INFORMATION_FORMAT = dwarf;
				ENABLE_STRICT_OBJC_MSGSEND = YES;
				ENABLE_TESTABILITY = YES;
				GCC_C_LANGUAGE_STANDARD = gnu11;
				GCC_DYNAMIC_NO_PIC = NO;
				GCC_NO_COMMON_BLOCKS = YES;
				GCC_OPTIMIZATION_LEVEL = 0;
				GCC_PREPROCESSOR_DEFINITIONS = (
					"DEBUG=1",
					"$(inherited)",
				);
				GCC_WARN_64_TO_32_BIT_CONVERSION = YES;
				GCC_WARN_ABOUT_RETURN_TYPE = YES_ERROR;
				GCC_WARN_UNDECLARED_SELECTOR = YES;
				GCC_WARN_UNINITIALIZED_AUTOS = YES_AGGRESSIVE;
				GCC_WARN_UNUSED_FUNCTION = YES;
				GCC_WARN_UNUSED_VARIABLE = YES;
				IPHONEOS_DEPLOYMENT_TARGET = 9.0;
				MTL_ENABLE_DEBUG_INFO = YES;
				ONLY_ACTIVE_ARCH = YES;
				SDKROOT = iphoneos;
				SWIFT_ACTIVE_COMPILATION_CONDITIONS = DEBUG;
				SWIFT_OPTIMIZATION_LEVEL = "-Onone";
			};
			name = Debug;
		};
		57FFD4F11FD9A814008B1486 /* Release */ = {
			isa = XCBuildConfiguration;
			buildSettings = {
				ALWAYS_SEARCH_USER_PATHS = NO;
				CLANG_ANALYZER_NONNULL = YES;
				CLANG_ANALYZER_NUMBER_OBJECT_CONVERSION = YES_AGGRESSIVE;
				CLANG_CXX_LANGUAGE_STANDARD = "gnu++14";
				CLANG_CXX_LIBRARY = "libc++";
				CLANG_ENABLE_MODULES = YES;
				CLANG_ENABLE_OBJC_ARC = YES;
				CLANG_WARN_BLOCK_CAPTURE_AUTORELEASING = YES;
				CLANG_WARN_BOOL_CONVERSION = YES;
				CLANG_WARN_COMMA = YES;
				CLANG_WARN_CONSTANT_CONVERSION = YES;
				CLANG_WARN_DIRECT_OBJC_ISA_USAGE = YES_ERROR;
				CLANG_WARN_DOCUMENTATION_COMMENTS = YES;
				CLANG_WARN_EMPTY_BODY = YES;
				CLANG_WARN_ENUM_CONVERSION = YES;
				CLANG_WARN_INFINITE_RECURSION = YES;
				CLANG_WARN_INT_CONVERSION = YES;
				CLANG_WARN_NON_LITERAL_NULL_CONVERSION = YES;
				CLANG_WARN_OBJC_LITERAL_CONVERSION = YES;
				CLANG_WARN_OBJC_ROOT_CLASS = YES_ERROR;
				CLANG_WARN_RANGE_LOOP_ANALYSIS = YES;
				CLANG_WARN_STRICT_PROTOTYPES = YES;
				CLANG_WARN_SUSPICIOUS_MOVE = YES;
				CLANG_WARN_UNGUARDED_AVAILABILITY = YES_AGGRESSIVE;
				CLANG_WARN_UNREACHABLE_CODE = YES;
				CLANG_WARN__DUPLICATE_METHOD_MATCH = YES;
				CODE_SIGN_IDENTITY = "iPhone Developer";
				COPY_PHASE_STRIP = NO;
				DEBUG_INFORMATION_FORMAT = "dwarf-with-dsym";
				ENABLE_NS_ASSERTIONS = NO;
				ENABLE_STRICT_OBJC_MSGSEND = YES;
				GCC_C_LANGUAGE_STANDARD = gnu11;
				GCC_NO_COMMON_BLOCKS = YES;
				GCC_WARN_64_TO_32_BIT_CONVERSION = YES;
				GCC_WARN_ABOUT_RETURN_TYPE = YES_ERROR;
				GCC_WARN_UNDECLARED_SELECTOR = YES;
				GCC_WARN_UNINITIALIZED_AUTOS = YES_AGGRESSIVE;
				GCC_WARN_UNUSED_FUNCTION = YES;
				GCC_WARN_UNUSED_VARIABLE = YES;
				IPHONEOS_DEPLOYMENT_TARGET = 9.0;
				MTL_ENABLE_DEBUG_INFO = NO;
				SDKROOT = iphoneos;
				SWIFT_OPTIMIZATION_LEVEL = "-Owholemodule";
				VALIDATE_PRODUCT = YES;
			};
			name = Release;
		};
		57FFD4F31FD9A814008B1486 /* Debug */ = {
			isa = XCBuildConfiguration;
			buildSettings = {
				ASSETCATALOG_COMPILER_APPICON_NAME = AppIcon;
				CODE_SIGN_STYLE = Automatic;
				DEVELOPMENT_TEAM = UNH7R3SK3U;
				INFOPLIST_FILE = "$(SRCROOT)/SegmentifyIosDemo/Info.plist";
				IPHONEOS_DEPLOYMENT_TARGET = 9.0;
				LD_RUNPATH_SEARCH_PATHS = "$(inherited) @executable_path/Frameworks";
				PRODUCT_BUNDLE_IDENTIFIER = com.ataanilturgay.SegmentifyIosDemo;
				PRODUCT_NAME = "$(TARGET_NAME)";
				SWIFT_VERSION = 4.0;
				TARGETED_DEVICE_FAMILY = "1,2";
			};
			name = Debug;
		};
		57FFD4F41FD9A814008B1486 /* Release */ = {
			isa = XCBuildConfiguration;
			buildSettings = {
				ASSETCATALOG_COMPILER_APPICON_NAME = AppIcon;
				CODE_SIGN_STYLE = Automatic;
				DEVELOPMENT_TEAM = UNH7R3SK3U;
				INFOPLIST_FILE = "$(SRCROOT)/SegmentifyIosDemo/Info.plist";
				IPHONEOS_DEPLOYMENT_TARGET = 9.0;
				LD_RUNPATH_SEARCH_PATHS = "$(inherited) @executable_path/Frameworks";
				PRODUCT_BUNDLE_IDENTIFIER = com.ataanilturgay.SegmentifyIosDemo;
				PRODUCT_NAME = "$(TARGET_NAME)";
				SWIFT_VERSION = 4.0;
				TARGETED_DEVICE_FAMILY = "1,2";
			};
			name = Release;
		};
		57FFD4F61FD9A814008B1486 /* Debug */ = {
			isa = XCBuildConfiguration;
			buildSettings = {
				ALWAYS_EMBED_SWIFT_STANDARD_LIBRARIES = YES;
				BUNDLE_LOADER = "$(TEST_HOST)";
				CODE_SIGN_STYLE = Automatic;
				DEVELOPMENT_TEAM = UNH7R3SK3U;
				INFOPLIST_FILE = SegmentifyDenemeTests/Info.plist;
				LD_RUNPATH_SEARCH_PATHS = "$(inherited) @executable_path/Frameworks @loader_path/Frameworks";
				PRODUCT_BUNDLE_IDENTIFIER = com.ataanilturgay.SegmentifyDenemeTests;
				PRODUCT_NAME = "$(TARGET_NAME)";
				SWIFT_VERSION = 4.0;
				TARGETED_DEVICE_FAMILY = "1,2";
				TEST_HOST = "$(BUILT_PRODUCTS_DIR)/SegmentifyDeneme.app/SegmentifyDeneme";
			};
			name = Debug;
		};
		57FFD4F71FD9A814008B1486 /* Release */ = {
			isa = XCBuildConfiguration;
			buildSettings = {
				ALWAYS_EMBED_SWIFT_STANDARD_LIBRARIES = YES;
				BUNDLE_LOADER = "$(TEST_HOST)";
				CODE_SIGN_STYLE = Automatic;
				DEVELOPMENT_TEAM = UNH7R3SK3U;
				INFOPLIST_FILE = SegmentifyDenemeTests/Info.plist;
				LD_RUNPATH_SEARCH_PATHS = "$(inherited) @executable_path/Frameworks @loader_path/Frameworks";
				PRODUCT_BUNDLE_IDENTIFIER = com.ataanilturgay.SegmentifyDenemeTests;
				PRODUCT_NAME = "$(TARGET_NAME)";
				SWIFT_VERSION = 4.0;
				TARGETED_DEVICE_FAMILY = "1,2";
				TEST_HOST = "$(BUILT_PRODUCTS_DIR)/SegmentifyDeneme.app/SegmentifyDeneme";
			};
			name = Release;
		};
		57FFD4F91FD9A814008B1486 /* Debug */ = {
			isa = XCBuildConfiguration;
			buildSettings = {
				ALWAYS_EMBED_SWIFT_STANDARD_LIBRARIES = YES;
				CODE_SIGN_STYLE = Automatic;
				DEVELOPMENT_TEAM = UNH7R3SK3U;
				INFOPLIST_FILE = SegmentifyDenemeUITests/Info.plist;
				LD_RUNPATH_SEARCH_PATHS = "$(inherited) @executable_path/Frameworks @loader_path/Frameworks";
				PRODUCT_BUNDLE_IDENTIFIER = com.ataanilturgay.SegmentifyDenemeUITests;
				PRODUCT_NAME = "$(TARGET_NAME)";
				SWIFT_VERSION = 4.0;
				TARGETED_DEVICE_FAMILY = "1,2";
				TEST_TARGET_NAME = SegmentifyDeneme;
			};
			name = Debug;
		};
		57FFD4FA1FD9A814008B1486 /* Release */ = {
			isa = XCBuildConfiguration;
			buildSettings = {
				ALWAYS_EMBED_SWIFT_STANDARD_LIBRARIES = YES;
				CODE_SIGN_STYLE = Automatic;
				DEVELOPMENT_TEAM = UNH7R3SK3U;
				INFOPLIST_FILE = SegmentifyDenemeUITests/Info.plist;
				LD_RUNPATH_SEARCH_PATHS = "$(inherited) @executable_path/Frameworks @loader_path/Frameworks";
				PRODUCT_BUNDLE_IDENTIFIER = com.ataanilturgay.SegmentifyDenemeUITests;
				PRODUCT_NAME = "$(TARGET_NAME)";
				SWIFT_VERSION = 4.0;
				TARGETED_DEVICE_FAMILY = "1,2";
				TEST_TARGET_NAME = SegmentifyDeneme;
			};
			name = Release;
		};
/* End XCBuildConfiguration section */

/* Begin XCConfigurationList section */
		57FFD4C51FD9A814008B1486 /* Build configuration list for PBXProject "SegmentifyIosDemo" */ = {
			isa = XCConfigurationList;
			buildConfigurations = (
				57FFD4F01FD9A814008B1486 /* Debug */,
				57FFD4F11FD9A814008B1486 /* Release */,
			);
			defaultConfigurationIsVisible = 0;
			defaultConfigurationName = Release;
		};
		57FFD4F21FD9A814008B1486 /* Build configuration list for PBXNativeTarget "SegmentifyIosDemo" */ = {
			isa = XCConfigurationList;
			buildConfigurations = (
				57FFD4F31FD9A814008B1486 /* Debug */,
				57FFD4F41FD9A814008B1486 /* Release */,
			);
			defaultConfigurationIsVisible = 0;
			defaultConfigurationName = Release;
		};
		57FFD4F51FD9A814008B1486 /* Build configuration list for PBXNativeTarget "SegmentifyIosDemoTests" */ = {
			isa = XCConfigurationList;
			buildConfigurations = (
				57FFD4F61FD9A814008B1486 /* Debug */,
				57FFD4F71FD9A814008B1486 /* Release */,
			);
			defaultConfigurationIsVisible = 0;
			defaultConfigurationName = Release;
		};
		57FFD4F81FD9A814008B1486 /* Build configuration list for PBXNativeTarget "SegmentifyIosDemoUITests" */ = {
			isa = XCConfigurationList;
			buildConfigurations = (
				57FFD4F91FD9A814008B1486 /* Debug */,
				57FFD4FA1FD9A814008B1486 /* Release */,
			);
			defaultConfigurationIsVisible = 0;
			defaultConfigurationName = Release;
		};
/* End XCConfigurationList section */
	};
	rootObject = 57FFD4C21FD9A814008B1486 /* Project object */;
}
