{
  "originHash" : "0af37eee39eccca5caf08423624cc9240e8f658870c2b9e480c4bf89ef6c6683",
  "pins" : [
    {
      "identity" : "segmentify-ios-sdk",
      "kind" : "remoteSourceControl",
      "location" : "https://github.com/segmentify/segmentify-ios-sdk",
      "state" : {
        "revision" : "db9eb04d192081b0d8582bf90290c9d2be20b72f",
        "version" : "1.4.3"
      }
    }
  ],
  "version" : 3
}
