{
  "originHash" : "0af37eee39eccca5caf08423624cc9240e8f658870c2b9e480c4bf89ef6c6683",
  "pins" : [
    {
      "identity" : "segmentify-ios-sdk",
      "kind" : "remoteSourceControl",
      "location" : "https://github.com/segmentify/segmentify-ios-sdk",
      "state" : {
        "revision" : "51198663a40726fbe3c1be1bf825d2e864c05ed9",
        "version" : "1.4.1"
      }
    }
  ],
  "version" : 3
}
