// !$*UTF8*$!
{
	archiveVersion = 1;
	classes = {
	};
	objectVersion = 53;
	objects = {

/* Begin PBXBuildFile section */
		14FBEAC8AEA3DE0D954AC660 /* libPods-Segmentify-Demo.a in Frameworks */ = {isa = PBXBuildFile; fileRef = 10AD6484F99F3D298519A7DA /* libPods-Segmentify-Demo.a */; };
		B2E94238219C0A9D00CBEE7C /* NotificationService.swift in Sources */ = {isa = PBXBuildFile; fileRef = B2E94237219C0A9D00CBEE7C /* NotificationService.swift */; };
		B2E9423C219C0A9D00CBEE7C /* NotificationService.appex in Embed App Extensions */ = {isa = PBXBuildFile; fileRef = B2E94235219C0A9D00CBEE7C /* NotificationService.appex */; settings = {ATTRIBUTES = (RemoveHeadersOnCopy, ); }; };
		B2E94242219C0D5A00CBEE7C /* GoogleService-Info.plist in Resources */ = {isa = PBXBuildFile; fileRef = B2E94241219C0D5A00CBEE7C /* GoogleService-Info.plist */; };
		CBA59F0E2166DD21BA115F97 /* libPods-NotificationService.a in Frameworks */ = {isa = PBXBuildFile; fileRef = AED83B8F0F5E3B173CD90A20 /* libPods-NotificationService.a */; };
		F01CE7DB201F650500275A12 /* RecommendationCell.swift in Sources */ = {isa = PBXBuildFile; fileRef = F01CE7DA201F650500275A12 /* RecommendationCell.swift */; };
		F01CE7E1201FBD9A00275A12 /* OrderRecommendationCell.swift in Sources */ = {isa = PBXBuildFile; fileRef = F01CE7E0201FBD9A00275A12 /* OrderRecommendationCell.swift */; };
		F02C31F8201B4EFD004DB770 /* AppDelegate.swift in Sources */ = {isa = PBXBuildFile; fileRef = F02C31F7201B4EFD004DB770 /* AppDelegate.swift */; };
		F02C31FA201B4EFD004DB770 /* HomeViewController.swift in Sources */ = {isa = PBXBuildFile; fileRef = F02C31F9201B4EFD004DB770 /* HomeViewController.swift */; };
		F02C31FD201B4EFD004DB770 /* Main.storyboard in Resources */ = {isa = PBXBuildFile; fileRef = F02C31FB201B4EFD004DB770 /* Main.storyboard */; };
		F02C31FF201B4EFE004DB770 /* Assets.xcassets in Resources */ = {isa = PBXBuildFile; fileRef = F02C31FE201B4EFE004DB770 /* Assets.xcassets */; };
		F02C3202201B4EFE004DB770 /* LaunchScreen.storyboard in Resources */ = {isa = PBXBuildFile; fileRef = F02C3200201B4EFE004DB770 /* LaunchScreen.storyboard */; };
		F02C320A201B521D004DB770 /* HomeProductCell.swift in Sources */ = {isa = PBXBuildFile; fileRef = F02C3209201B521D004DB770 /* HomeProductCell.swift */; };
		F02C320C201B5EE9004DB770 /* ProductDetailViewController.swift in Sources */ = {isa = PBXBuildFile; fileRef = F02C320B201B5EE9004DB770 /* ProductDetailViewController.swift */; };
		F02C3210201B6B5F004DB770 /* BasketDetailViewController.swift in Sources */ = {isa = PBXBuildFile; fileRef = F02C320F201B6B5F004DB770 /* BasketDetailViewController.swift */; };
		F063CCF62020670D000E4D05 /* HomeCollectionViewCell.swift in Sources */ = {isa = PBXBuildFile; fileRef = F063CCF52020670D000E4D05 /* HomeCollectionViewCell.swift */; };
		F09748F42023499600A9F592 /* LoginViewController.swift in Sources */ = {isa = PBXBuildFile; fileRef = F09748F32023499600A9F592 /* LoginViewController.swift */; };
		F0C02875201F032C00FF0083 /* PurchaseSuccessViewController.swift in Sources */ = {isa = PBXBuildFile; fileRef = F0C02874201F032C00FF0083 /* PurchaseSuccessViewController.swift */; };
		F0D0B4A72028846700E649B4 /* Product.swift in Sources */ = {isa = PBXBuildFile; fileRef = F0D0B4A62028846700E649B4 /* Product.swift */; };
		F0D0B4AB2029D56B00E649B4 /* BasketProducts.swift in Sources */ = {isa = PBXBuildFile; fileRef = F0D0B4AA2029D56B00E649B4 /* BasketProducts.swift */; };
		F0D0B4AF2029DB4C00E649B4 /* BasketProductCell.swift in Sources */ = {isa = PBXBuildFile; fileRef = F0D0B4AE2029DB4C00E649B4 /* BasketProductCell.swift */; };
		F0D0B4B32029EE3A00E649B4 /* BasketRecommendationCell.swift in Sources */ = {isa = PBXBuildFile; fileRef = F0D0B4B22029EE3A00E649B4 /* BasketRecommendationCell.swift */; };
		F0D0B4B5202C387600E649B4 /* Section.swift in Sources */ = {isa = PBXBuildFile; fileRef = F0D0B4B4202C387600E649B4 /* Section.swift */; };
		F0DE637D203579710025C67A /* CategoryViewController.swift in Sources */ = {isa = PBXBuildFile; fileRef = F0DE637C203579710025C67A /* CategoryViewController.swift */; };
		F0DE637F20357C570025C67A /* CategoryCell.swift in Sources */ = {isa = PBXBuildFile; fileRef = F0DE637E20357C570025C67A /* CategoryCell.swift */; };
/* End PBXBuildFile section */

/* Begin PBXContainerItemProxy section */
		B2E9423A219C0A9D00CBEE7C /* PBXContainerItemProxy */ = {
			isa = PBXContainerItemProxy;
			containerPortal = F02C31EC201B4EFD004DB770 /* Project object */;
			proxyType = 1;
			remoteGlobalIDString = B2E94234219C0A9D00CBEE7C;
			remoteInfo = NotificationService;
		};
/* End PBXContainerItemProxy section */

/* Begin PBXCopyFilesBuildPhase section */
		B2E94240219C0A9E00CBEE7C /* Embed App Extensions */ = {
			isa = PBXCopyFilesBuildPhase;
			buildActionMask = 2147483647;
			dstPath = "";
			dstSubfolderSpec = 13;
			files = (
				B2E9423C219C0A9D00CBEE7C /* NotificationService.appex in Embed App Extensions */,
			);
			name = "Embed App Extensions";
			runOnlyForDeploymentPostprocessing = 0;
		};
/* End PBXCopyFilesBuildPhase section */

/* Begin PBXFileReference section */
		10AD6484F99F3D298519A7DA /* libPods-Segmentify-Demo.a */ = {isa = PBXFileReference; explicitFileType = archive.ar; includeInIndex = 0; path = "libPods-Segmentify-Demo.a"; sourceTree = BUILT_PRODUCTS_DIR; };
		164E6F0439ECE762D74AD7FA /* Pods-NotificationService.release.xcconfig */ = {isa = PBXFileReference; includeInIndex = 1; lastKnownFileType = text.xcconfig; name = "Pods-NotificationService.release.xcconfig"; path = "Pods/Target Support Files/Pods-NotificationService/Pods-NotificationService.release.xcconfig"; sourceTree = "<group>"; };
		AED83B8F0F5E3B173CD90A20 /* libPods-NotificationService.a */ = {isa = PBXFileReference; explicitFileType = archive.ar; includeInIndex = 0; path = "libPods-NotificationService.a"; sourceTree = BUILT_PRODUCTS_DIR; };
		B2930D67219DB71A0070CD9C /* Segmentify-Demo.entitlements */ = {isa = PBXFileReference; lastKnownFileType = text.plist.entitlements; path = "Segmentify-Demo.entitlements"; sourceTree = "<group>"; };
		B2E94235219C0A9D00CBEE7C /* NotificationService.appex */ = {isa = PBXFileReference; explicitFileType = "wrapper.app-extension"; includeInIndex = 0; path = NotificationService.appex; sourceTree = BUILT_PRODUCTS_DIR; };
		B2E94237219C0A9D00CBEE7C /* NotificationService.swift */ = {isa = PBXFileReference; lastKnownFileType = sourcecode.swift; path = NotificationService.swift; sourceTree = "<group>"; };
		B2E94239219C0A9D00CBEE7C /* Info.plist */ = {isa = PBXFileReference; lastKnownFileType = text.plist.xml; path = Info.plist; sourceTree = "<group>"; };
		B2E94241219C0D5A00CBEE7C /* GoogleService-Info.plist */ = {isa = PBXFileReference; fileEncoding = 4; lastKnownFileType = text.plist.xml; path = "GoogleService-Info.plist"; sourceTree = "<group>"; };
		B7CB6E3661AC827A24168103 /* Pods-NotificationService.debug.xcconfig */ = {isa = PBXFileReference; includeInIndex = 1; lastKnownFileType = text.xcconfig; name = "Pods-NotificationService.debug.xcconfig"; path = "Pods/Target Support Files/Pods-NotificationService/Pods-NotificationService.debug.xcconfig"; sourceTree = "<group>"; };
		E2B310993C880515CC7A7479 /* Pods-Segmentify-Demo.debug.xcconfig */ = {isa = PBXFileReference; includeInIndex = 1; lastKnownFileType = text.xcconfig; name = "Pods-Segmentify-Demo.debug.xcconfig"; path = "Pods/Target Support Files/Pods-Segmentify-Demo/Pods-Segmentify-Demo.debug.xcconfig"; sourceTree = "<group>"; };
		F01CE7DA201F650500275A12 /* RecommendationCell.swift */ = {isa = PBXFileReference; lastKnownFileType = sourcecode.swift; path = RecommendationCell.swift; sourceTree = "<group>"; };
		F01CE7E0201FBD9A00275A12 /* OrderRecommendationCell.swift */ = {isa = PBXFileReference; lastKnownFileType = sourcecode.swift; path = OrderRecommendationCell.swift; sourceTree = "<group>"; };
		F02C31F4201B4EFD004DB770 /* Segmentify-Demo.app */ = {isa = PBXFileReference; explicitFileType = wrapper.application; includeInIndex = 0; path = "Segmentify-Demo.app"; sourceTree = BUILT_PRODUCTS_DIR; };
		F02C31F7201B4EFD004DB770 /* AppDelegate.swift */ = {isa = PBXFileReference; lastKnownFileType = sourcecode.swift; path = AppDelegate.swift; sourceTree = "<group>"; };
		F02C31F9201B4EFD004DB770 /* HomeViewController.swift */ = {isa = PBXFileReference; lastKnownFileType = sourcecode.swift; path = HomeViewController.swift; sourceTree = "<group>"; };
		F02C31FC201B4EFD004DB770 /* Base */ = {isa = PBXFileReference; lastKnownFileType = file.storyboard; name = Base; path = Base.lproj/Main.storyboard; sourceTree = "<group>"; };
		F02C31FE201B4EFE004DB770 /* Assets.xcassets */ = {isa = PBXFileReference; lastKnownFileType = folder.assetcatalog; path = Assets.xcassets; sourceTree = "<group>"; };
		F02C3201201B4EFE004DB770 /* Base */ = {isa = PBXFileReference; lastKnownFileType = file.storyboard; name = Base; path = Base.lproj/LaunchScreen.storyboard; sourceTree = "<group>"; };
		F02C3203201B4EFE004DB770 /* Info.plist */ = {isa = PBXFileReference; lastKnownFileType = text.plist.xml; path = Info.plist; sourceTree = "<group>"; };
		F02C3209201B521D004DB770 /* HomeProductCell.swift */ = {isa = PBXFileReference; lastKnownFileType = sourcecode.swift; path = HomeProductCell.swift; sourceTree = "<group>"; };
		F02C320B201B5EE9004DB770 /* ProductDetailViewController.swift */ = {isa = PBXFileReference; lastKnownFileType = sourcecode.swift; path = ProductDetailViewController.swift; sourceTree = "<group>"; };
		F02C320F201B6B5F004DB770 /* BasketDetailViewController.swift */ = {isa = PBXFileReference; fileEncoding = 4; lastKnownFileType = sourcecode.swift; path = BasketDetailViewController.swift; sourceTree = "<group>"; };
		F063CCF52020670D000E4D05 /* HomeCollectionViewCell.swift */ = {isa = PBXFileReference; lastKnownFileType = sourcecode.swift; path = HomeCollectionViewCell.swift; sourceTree = "<group>"; };
		F09748F32023499600A9F592 /* LoginViewController.swift */ = {isa = PBXFileReference; lastKnownFileType = sourcecode.swift; path = LoginViewController.swift; sourceTree = "<group>"; };
		F0C02874201F032C00FF0083 /* PurchaseSuccessViewController.swift */ = {isa = PBXFileReference; lastKnownFileType = sourcecode.swift; path = PurchaseSuccessViewController.swift; sourceTree = "<group>"; };
		F0D0B4A62028846700E649B4 /* Product.swift */ = {isa = PBXFileReference; lastKnownFileType = sourcecode.swift; path = Product.swift; sourceTree = "<group>"; };
		F0D0B4AA2029D56B00E649B4 /* BasketProducts.swift */ = {isa = PBXFileReference; lastKnownFileType = sourcecode.swift; path = BasketProducts.swift; sourceTree = "<group>"; };
		F0D0B4AE2029DB4C00E649B4 /* BasketProductCell.swift */ = {isa = PBXFileReference; lastKnownFileType = sourcecode.swift; path = BasketProductCell.swift; sourceTree = "<group>"; };
		F0D0B4B22029EE3A00E649B4 /* BasketRecommendationCell.swift */ = {isa = PBXFileReference; lastKnownFileType = sourcecode.swift; path = BasketRecommendationCell.swift; sourceTree = "<group>"; };
		F0D0B4B4202C387600E649B4 /* Section.swift */ = {isa = PBXFileReference; lastKnownFileType = sourcecode.swift; path = Section.swift; sourceTree = "<group>"; };
		F0DE637C203579710025C67A /* CategoryViewController.swift */ = {isa = PBXFileReference; lastKnownFileType = sourcecode.swift; path = CategoryViewController.swift; sourceTree = "<group>"; };
		F0DE637E20357C570025C67A /* CategoryCell.swift */ = {isa = PBXFileReference; lastKnownFileType = sourcecode.swift; path = CategoryCell.swift; sourceTree = "<group>"; };
		F832BA76E86CF969599342D9 /* Pods-Segmentify-Demo.release.xcconfig */ = {isa = PBXFileReference; includeInIndex = 1; lastKnownFileType = text.xcconfig; name = "Pods-Segmentify-Demo.release.xcconfig"; path = "Pods/Target Support Files/Pods-Segmentify-Demo/Pods-Segmentify-Demo.release.xcconfig"; sourceTree = "<group>"; };
/* End PBXFileReference section */

/* Begin PBXFrameworksBuildPhase section */
		B2E94232219C0A9D00CBEE7C /* Frameworks */ = {
			isa = PBXFrameworksBuildPhase;
			buildActionMask = 2147483647;
			files = (
				CBA59F0E2166DD21BA115F97 /* libPods-NotificationService.a in Frameworks */,
			);
			runOnlyForDeploymentPostprocessing = 0;
		};
		F02C31F1201B4EFD004DB770 /* Frameworks */ = {
			isa = PBXFrameworksBuildPhase;
			buildActionMask = 2147483647;
			files = (
				14FBEAC8AEA3DE0D954AC660 /* libPods-Segmentify-Demo.a in Frameworks */,
			);
			runOnlyForDeploymentPostprocessing = 0;
		};
/* End PBXFrameworksBuildPhase section */

/* Begin PBXGroup section */
		6762075F4277541C49C66D74 /* Pods */ = {
			isa = PBXGroup;
			children = (
				E2B310993C880515CC7A7479 /* Pods-Segmentify-Demo.debug.xcconfig */,
				F832BA76E86CF969599342D9 /* Pods-Segmentify-Demo.release.xcconfig */,
				B7CB6E3661AC827A24168103 /* Pods-NotificationService.debug.xcconfig */,
				164E6F0439ECE762D74AD7FA /* Pods-NotificationService.release.xcconfig */,
			);
			name = Pods;
			sourceTree = "<group>";
		};
		7424BE25576AB7580FA0F3D5 /* Frameworks */ = {
			isa = PBXGroup;
			children = (
				AED83B8F0F5E3B173CD90A20 /* libPods-NotificationService.a */,
				10AD6484F99F3D298519A7DA /* libPods-Segmentify-Demo.a */,
			);
			name = Frameworks;
			sourceTree = "<group>";
		};
		B2E94236219C0A9D00CBEE7C /* NotificationService */ = {
			isa = PBXGroup;
			children = (
				B2E94237219C0A9D00CBEE7C /* NotificationService.swift */,
				B2E94239219C0A9D00CBEE7C /* Info.plist */,
			);
			path = NotificationService;
			sourceTree = "<group>";
		};
		F01CE7DC201F650900275A12 /* Controller */ = {
			isa = PBXGroup;
			children = (
				F09748F32023499600A9F592 /* LoginViewController.swift */,
				F02C31F9201B4EFD004DB770 /* HomeViewController.swift */,
				F02C320B201B5EE9004DB770 /* ProductDetailViewController.swift */,
				F02C320F201B6B5F004DB770 /* BasketDetailViewController.swift */,
				F0C02874201F032C00FF0083 /* PurchaseSuccessViewController.swift */,
				F0DE637C203579710025C67A /* CategoryViewController.swift */,
			);
			path = Controller;
			sourceTree = "<group>";
		};
		F01CE7DD201F651200275A12 /* View */ = {
			isa = PBXGroup;
			children = (
				F02C3209201B521D004DB770 /* HomeProductCell.swift */,
				F01CE7DA201F650500275A12 /* RecommendationCell.swift */,
				F01CE7E0201FBD9A00275A12 /* OrderRecommendationCell.swift */,
				F063CCF52020670D000E4D05 /* HomeCollectionViewCell.swift */,
				F0D0B4AE2029DB4C00E649B4 /* BasketProductCell.swift */,
				F0D0B4B22029EE3A00E649B4 /* BasketRecommendationCell.swift */,
				F0DE637E20357C570025C67A /* CategoryCell.swift */,
			);
			path = View;
			sourceTree = "<group>";
		};
		F02C31EB201B4EFD004DB770 = {
			isa = PBXGroup;
			children = (
				F02C31F6201B4EFD004DB770 /* Segmentify-Demo */,
				B2E94236219C0A9D00CBEE7C /* NotificationService */,
				F02C31F5201B4EFD004DB770 /* Products */,
				6762075F4277541C49C66D74 /* Pods */,
				7424BE25576AB7580FA0F3D5 /* Frameworks */,
			);
			sourceTree = "<group>";
		};
		F02C31F5201B4EFD004DB770 /* Products */ = {
			isa = PBXGroup;
			children = (
				F02C31F4201B4EFD004DB770 /* Segmentify-Demo.app */,
				B2E94235219C0A9D00CBEE7C /* NotificationService.appex */,
			);
			name = Products;
			sourceTree = "<group>";
		};
		F02C31F6201B4EFD004DB770 /* Segmentify-Demo */ = {
			isa = PBXGroup;
			children = (
				B2930D67219DB71A0070CD9C /* Segmentify-Demo.entitlements */,
				F05295F92022EC2900877183 /* Model */,
				F01CE7DD201F651200275A12 /* View */,
				F01CE7DC201F650900275A12 /* Controller */,
				F02C31F7201B4EFD004DB770 /* AppDelegate.swift */,
				F02C31FB201B4EFD004DB770 /* Main.storyboard */,
				B2E94241219C0D5A00CBEE7C /* GoogleService-Info.plist */,
				F02C31FE201B4EFE004DB770 /* Assets.xcassets */,
				F02C3200201B4EFE004DB770 /* LaunchScreen.storyboard */,
				F02C3203201B4EFE004DB770 /* Info.plist */,
			);
			path = "Segmentify-Demo";
			sourceTree = "<group>";
		};
		F05295F92022EC2900877183 /* Model */ = {
			isa = PBXGroup;
			children = (
				F0D0B4A62028846700E649B4 /* Product.swift */,
				F0D0B4AA2029D56B00E649B4 /* BasketProducts.swift */,
				F0D0B4B4202C387600E649B4 /* Section.swift */,
			);
			path = Model;
			sourceTree = "<group>";
		};
/* End PBXGroup section */

/* Begin PBXNativeTarget section */
		B2E94234219C0A9D00CBEE7C /* NotificationService */ = {
			isa = PBXNativeTarget;
			buildConfigurationList = B2E9423F219C0A9E00CBEE7C /* Build configuration list for PBXNativeTarget "NotificationService" */;
			buildPhases = (
				B2D81E8873EEC82A9809307A /* [CP] Check Pods Manifest.lock */,
				B2E94231219C0A9D00CBEE7C /* Sources */,
				B2E94232219C0A9D00CBEE7C /* Frameworks */,
				B2E94233219C0A9D00CBEE7C /* Resources */,
			);
			buildRules = (
			);
			dependencies = (
			);
			name = NotificationService;
			productName = NotificationService;
			productReference = B2E94235219C0A9D00CBEE7C /* NotificationService.appex */;
			productType = "com.apple.product-type.app-extension";
		};
		F02C31F3201B4EFD004DB770 /* Segmentify-Demo */ = {
			isa = PBXNativeTarget;
			buildConfigurationList = F02C3206201B4EFE004DB770 /* Build configuration list for PBXNativeTarget "Segmentify-Demo" */;
			buildPhases = (
				180AD753CC372634FDE2FE0E /* [CP] Check Pods Manifest.lock */,
				F02C31F0201B4EFD004DB770 /* Sources */,
				F02C31F1201B4EFD004DB770 /* Frameworks */,
				F02C31F2201B4EFD004DB770 /* Resources */,
				B2E94240219C0A9E00CBEE7C /* Embed App Extensions */,
			);
			buildRules = (
			);
			dependencies = (
				B2E9423B219C0A9D00CBEE7C /* PBXTargetDependency */,
			);
			name = "Segmentify-Demo";
			productName = "Segmentify-Demo";
			productReference = F02C31F4201B4EFD004DB770 /* Segmentify-Demo.app */;
			productType = "com.apple.product-type.application";
		};
/* End PBXNativeTarget section */

/* Begin PBXProject section */
		F02C31EC201B4EFD004DB770 /* Project object */ = {
			isa = PBXProject;
			attributes = {
				BuildIndependentTargetsInParallel = YES;
				LastSwiftUpdateCheck = 1010;
				LastUpgradeCheck = 0920;
				ORGANIZATIONNAME = "Segmentify Dev Team";
				TargetAttributes = {
					B2E94234219C0A9D00CBEE7C = {
						CreatedOnToolsVersion = 10.1;
						ProvisioningStyle = Automatic;
					};
					F02C31F3201B4EFD004DB770 = {
						CreatedOnToolsVersion = 9.2;
						ProvisioningStyle = Automatic;
						SystemCapabilities = {
							com.apple.Push = {
								enabled = 1;
							};
						};
					};
				};
			};
			buildConfigurationList = F02C31EF201B4EFD004DB770 /* Build configuration list for PBXProject "Segmentify-Demo" */;
			compatibilityVersion = "Xcode 11.4";
			developmentRegion = en;
			hasScannedForEncodings = 0;
			knownRegions = (
				en,
				Base,
			);
			mainGroup = F02C31EB201B4EFD004DB770;
			productRefGroup = F02C31F5201B4EFD004DB770 /* Products */;
			projectDirPath = "";
			projectRoot = "";
			targets = (
				F02C31F3201B4EFD004DB770 /* Segmentify-Demo */,
				B2E94234219C0A9D00CBEE7C /* NotificationService */,
			);
		};
/* End PBXProject section */

/* Begin PBXResourcesBuildPhase section */
		B2E94233219C0A9D00CBEE7C /* Resources */ = {
			isa = PBXResourcesBuildPhase;
			buildActionMask = 2147483647;
			files = (
			);
			runOnlyForDeploymentPostprocessing = 0;
		};
		F02C31F2201B4EFD004DB770 /* Resources */ = {
			isa = PBXResourcesBuildPhase;
			buildActionMask = 2147483647;
			files = (
				F02C3202201B4EFE004DB770 /* LaunchScreen.storyboard in Resources */,
				B2E94242219C0D5A00CBEE7C /* GoogleService-Info.plist in Resources */,
				F02C31FF201B4EFE004DB770 /* Assets.xcassets in Resources */,
				F02C31FD201B4EFD004DB770 /* Main.storyboard in Resources */,
			);
			runOnlyForDeploymentPostprocessing = 0;
		};
/* End PBXResourcesBuildPhase section */

/* Begin PBXShellScriptBuildPhase section */
		180AD753CC372634FDE2FE0E /* [CP] Check Pods Manifest.lock */ = {
			isa = PBXShellScriptBuildPhase;
			buildActionMask = 2147483647;
			files = (
			);
			inputPaths = (
				"${PODS_PODFILE_DIR_PATH}/Podfile.lock",
				"${PODS_ROOT}/Manifest.lock",
			);
			name = "[CP] Check Pods Manifest.lock";
			outputPaths = (
				"$(DERIVED_FILE_DIR)/Pods-Segmentify-Demo-checkManifestLockResult.txt",
			);
			runOnlyForDeploymentPostprocessing = 0;
			shellPath = /bin/sh;
			shellScript = "diff \"${PODS_PODFILE_DIR_PATH}/Podfile.lock\" \"${PODS_ROOT}/Manifest.lock\" > /dev/null\nif [ $? != 0 ] ; then\n    # print error to STDERR\n    echo \"error: The sandbox is not in sync with the Podfile.lock. Run 'pod install' or update your CocoaPods installation.\" >&2\n    exit 1\nfi\n# This output is used by Xcode 'outputs' to avoid re-running this script phase.\necho \"SUCCESS\" > \"${SCRIPT_OUTPUT_FILE_0}\"\n";
			showEnvVarsInLog = 0;
		};
		B2D81E8873EEC82A9809307A /* [CP] Check Pods Manifest.lock */ = {
			isa = PBXShellScriptBuildPhase;
			buildActionMask = 2147483647;
			files = (
			);
			inputPaths = (
				"${PODS_PODFILE_DIR_PATH}/Podfile.lock",
				"${PODS_ROOT}/Manifest.lock",
			);
			name = "[CP] Check Pods Manifest.lock";
			outputPaths = (
				"$(DERIVED_FILE_DIR)/Pods-NotificationService-checkManifestLockResult.txt",
			);
			runOnlyForDeploymentPostprocessing = 0;
			shellPath = /bin/sh;
			shellScript = "diff \"${PODS_PODFILE_DIR_PATH}/Podfile.lock\" \"${PODS_ROOT}/Manifest.lock\" > /dev/null\nif [ $? != 0 ] ; then\n    # print error to STDERR\n    echo \"error: The sandbox is not in sync with the Podfile.lock. Run 'pod install' or update your CocoaPods installation.\" >&2\n    exit 1\nfi\n# This output is used by Xcode 'outputs' to avoid re-running this script phase.\necho \"SUCCESS\" > \"${SCRIPT_OUTPUT_FILE_0}\"\n";
			showEnvVarsInLog = 0;
		};
/* End PBXShellScriptBuildPhase section */

/* Begin PBXSourcesBuildPhase section */
		B2E94231219C0A9D00CBEE7C /* Sources */ = {
			isa = PBXSourcesBuildPhase;
			buildActionMask = 2147483647;
			files = (
				B2E94238219C0A9D00CBEE7C /* NotificationService.swift in Sources */,
			);
			runOnlyForDeploymentPostprocessing = 0;
		};
		F02C31F0201B4EFD004DB770 /* Sources */ = {
			isa = PBXSourcesBuildPhase;
			buildActionMask = 2147483647;
			files = (
				F0DE637F20357C570025C67A /* CategoryCell.swift in Sources */,
				F0D0B4B5202C387600E649B4 /* Section.swift in Sources */,
				F09748F42023499600A9F592 /* LoginViewController.swift in Sources */,
				F01CE7DB201F650500275A12 /* RecommendationCell.swift in Sources */,
				F0D0B4B32029EE3A00E649B4 /* BasketRecommendationCell.swift in Sources */,
				F0DE637D203579710025C67A /* CategoryViewController.swift in Sources */,
				F02C31FA201B4EFD004DB770 /* HomeViewController.swift in Sources */,
				F02C320C201B5EE9004DB770 /* ProductDetailViewController.swift in Sources */,
				F0D0B4A72028846700E649B4 /* Product.swift in Sources */,
				F02C31F8201B4EFD004DB770 /* AppDelegate.swift in Sources */,
				F0D0B4AF2029DB4C00E649B4 /* BasketProductCell.swift in Sources */,
				F0D0B4AB2029D56B00E649B4 /* BasketProducts.swift in Sources */,
				F063CCF62020670D000E4D05 /* HomeCollectionViewCell.swift in Sources */,
				F01CE7E1201FBD9A00275A12 /* OrderRecommendationCell.swift in Sources */,
				F02C3210201B6B5F004DB770 /* BasketDetailViewController.swift in Sources */,
				F02C320A201B521D004DB770 /* HomeProductCell.swift in Sources */,
				F0C02875201F032C00FF0083 /* PurchaseSuccessViewController.swift in Sources */,
			);
			runOnlyForDeploymentPostprocessing = 0;
		};
/* End PBXSourcesBuildPhase section */

/* Begin PBXTargetDependency section */
		B2E9423B219C0A9D00CBEE7C /* PBXTargetDependency */ = {
			isa = PBXTargetDependency;
			target = B2E94234219C0A9D00CBEE7C /* NotificationService */;
			targetProxy = B2E9423A219C0A9D00CBEE7C /* PBXContainerItemProxy */;
		};
/* End PBXTargetDependency section */

/* Begin PBXVariantGroup section */
		F02C31FB201B4EFD004DB770 /* Main.storyboard */ = {
			isa = PBXVariantGroup;
			children = (
				F02C31FC201B4EFD004DB770 /* Base */,
			);
			name = Main.storyboard;
			sourceTree = "<group>";
		};
		F02C3200201B4EFE004DB770 /* LaunchScreen.storyboard */ = {
			isa = PBXVariantGroup;
			children = (
				F02C3201201B4EFE004DB770 /* Base */,
			);
			name = LaunchScreen.storyboard;
			sourceTree = "<group>";
		};
/* End PBXVariantGroup section */

/* Begin XCBuildConfiguration section */
		B2E9423D219C0A9E00CBEE7C /* Debug */ = {
			isa = XCBuildConfiguration;
			baseConfigurationReference = B7CB6E3661AC827A24168103 /* Pods-NotificationService.debug.xcconfig */;
			buildSettings = {
				CLANG_ENABLE_OBJC_WEAK = YES;
				CLANG_WARN_DEPRECATED_OBJC_IMPLEMENTATIONS = YES;
				CLANG_WARN_OBJC_IMPLICIT_RETAIN_SELF = YES;
				CODE_SIGN_STYLE = Automatic;
				CURRENT_PROJECT_VERSION = 1.0;
				DEVELOPMENT_TEAM = XPXAF9Y4FN;
				INFOPLIST_FILE = NotificationService/Info.plist;
				IPHONEOS_DEPLOYMENT_TARGET = 10.0;
				LD_RUNPATH_SEARCH_PATHS = (
					"$(inherited)",
					"@executable_path/Frameworks",
					"@executable_path/../../Frameworks",
				);
				MTL_ENABLE_DEBUG_INFO = INCLUDE_SOURCE;
				MTL_FAST_MATH = YES;
				PRODUCT_BUNDLE_IDENTIFIER = "com.segmentify.Segmentify-Demo-2.NotificationService";
				PRODUCT_NAME = "$(TARGET_NAME)";
				SKIP_INSTALL = YES;
				SWIFT_VERSION = 4.2;
				TARGETED_DEVICE_FAMILY = 1;
			};
			name = Debug;
		};
		B2E9423E219C0A9E00CBEE7C /* Release */ = {
			isa = XCBuildConfiguration;
			baseConfigurationReference = 164E6F0439ECE762D74AD7FA /* Pods-NotificationService.release.xcconfig */;
			buildSettings = {
				CLANG_ENABLE_OBJC_WEAK = YES;
				CLANG_WARN_DEPRECATED_OBJC_IMPLEMENTATIONS = YES;
				CLANG_WARN_OBJC_IMPLICIT_RETAIN_SELF = YES;
				CODE_SIGN_STYLE = Automatic;
				CURRENT_PROJECT_VERSION = 1.0;
				DEVELOPMENT_TEAM = XPXAF9Y4FN;
				INFOPLIST_FILE = NotificationService/Info.plist;
				IPHONEOS_DEPLOYMENT_TARGET = 10.0;
				LD_RUNPATH_SEARCH_PATHS = (
					"$(inherited)",
					"@executable_path/Frameworks",
					"@executable_path/../../Frameworks",
				);
				MTL_FAST_MATH = YES;
				PRODUCT_BUNDLE_IDENTIFIER = "com.segmentify.Segmentify-Demo-2.NotificationService";
				PRODUCT_NAME = "$(TARGET_NAME)";
				SKIP_INSTALL = YES;
				SWIFT_VERSION = 4.2;
				TARGETED_DEVICE_FAMILY = 1;
			};
			name = Release;
		};
		F02C3204201B4EFE004DB770 /* Debug */ = {
			isa = XCBuildConfiguration;
			buildSettings = {
				ALWAYS_SEARCH_USER_PATHS = NO;
				CLANG_ANALYZER_NONNULL = YES;
				CLANG_ANALYZER_NUMBER_OBJECT_CONVERSION = YES_AGGRESSIVE;
				CLANG_CXX_LANGUAGE_STANDARD = "gnu++14";
				CLANG_CXX_LIBRARY = "libc++";
				CLANG_ENABLE_MODULES = YES;
				CLANG_ENABLE_OBJC_ARC = YES;
				CLANG_WARN_BLOCK_CAPTURE_AUTORELEASING = YES;
				CLANG_WARN_BOOL_CONVERSION = YES;
				CLANG_WARN_COMMA = YES;
				CLANG_WARN_CONSTANT_CONVERSION = YES;
				CLANG_WARN_DIRECT_OBJC_ISA_USAGE = YES_ERROR;
				CLANG_WARN_DOCUMENTATION_COMMENTS = YES;
				CLANG_WARN_EMPTY_BODY = YES;
				CLANG_WARN_ENUM_CONVERSION = YES;
				CLANG_WARN_INFINITE_RECURSION = YES;
				CLANG_WARN_INT_CONVERSION = YES;
				CLANG_WARN_NON_LITERAL_NULL_CONVERSION = YES;
				CLANG_WARN_OBJC_LITERAL_CONVERSION = YES;
				CLANG_WARN_OBJC_ROOT_CLASS = YES_ERROR;
				CLANG_WARN_RANGE_LOOP_ANALYSIS = YES;
				CLANG_WARN_STRICT_PROTOTYPES = YES;
				CLANG_WARN_SUSPICIOUS_MOVE = YES;
				CLANG_WARN_UNGUARDED_AVAILABILITY = YES_AGGRESSIVE;
				CLANG_WARN_UNREACHABLE_CODE = YES;
				CLANG_WARN__DUPLICATE_METHOD_MATCH = YES;
				CODE_SIGN_IDENTITY = "iPhone Developer";
				COPY_PHASE_STRIP = NO;
				DEBUG_INFORMATION_FORMAT = dwarf;
				ENABLE_STRICT_OBJC_MSGSEND = YES;
				ENABLE_TESTABILITY = YES;
				GCC_C_LANGUAGE_STANDARD = gnu11;
				GCC_DYNAMIC_NO_PIC = NO;
				GCC_NO_COMMON_BLOCKS = YES;
				GCC_OPTIMIZATION_LEVEL = 0;
				GCC_PREPROCESSOR_DEFINITIONS = (
					"DEBUG=1",
					"$(inherited)",
				);
				GCC_WARN_64_TO_32_BIT_CONVERSION = YES;
				GCC_WARN_ABOUT_RETURN_TYPE = YES_ERROR;
				GCC_WARN_UNDECLARED_SELECTOR = YES;
				GCC_WARN_UNINITIALIZED_AUTOS = YES_AGGRESSIVE;
				GCC_WARN_UNUSED_FUNCTION = YES;
				GCC_WARN_UNUSED_VARIABLE = YES;
				IPHONEOS_DEPLOYMENT_TARGET = 10.0;
				MTL_ENABLE_DEBUG_INFO = YES;
				ONLY_ACTIVE_ARCH = YES;
				SDKROOT = iphoneos;
				SWIFT_ACTIVE_COMPILATION_CONDITIONS = DEBUG;
				SWIFT_OPTIMIZATION_LEVEL = "-Onone";
			};
			name = Debug;
		};
		F02C3205201B4EFE004DB770 /* Release */ = {
			isa = XCBuildConfiguration;
			buildSettings = {
				ALWAYS_SEARCH_USER_PATHS = NO;
				CLANG_ANALYZER_NONNULL = YES;
				CLANG_ANALYZER_NUMBER_OBJECT_CONVERSION = YES_AGGRESSIVE;
				CLANG_CXX_LANGUAGE_STANDARD = "gnu++14";
				CLANG_CXX_LIBRARY = "libc++";
				CLANG_ENABLE_MODULES = YES;
				CLANG_ENABLE_OBJC_ARC = YES;
				CLANG_WARN_BLOCK_CAPTURE_AUTORELEASING = YES;
				CLANG_WARN_BOOL_CONVERSION = YES;
				CLANG_WARN_COMMA = YES;
				CLANG_WARN_CONSTANT_CONVERSION = YES;
				CLANG_WARN_DIRECT_OBJC_ISA_USAGE = YES_ERROR;
				CLANG_WARN_DOCUMENTATION_COMMENTS = YES;
				CLANG_WARN_EMPTY_BODY = YES;
				CLANG_WARN_ENUM_CONVERSION = YES;
				CLANG_WARN_INFINITE_RECURSION = YES;
				CLANG_WARN_INT_CONVERSION = YES;
				CLANG_WARN_NON_LITERAL_NULL_CONVERSION = YES;
				CLANG_WARN_OBJC_LITERAL_CONVERSION = YES;
				CLANG_WARN_OBJC_ROOT_CLASS = YES_ERROR;
				CLANG_WARN_RANGE_LOOP_ANALYSIS = YES;
				CLANG_WARN_STRICT_PROTOTYPES = YES;
				CLANG_WARN_SUSPICIOUS_MOVE = YES;
				CLANG_WARN_UNGUARDED_AVAILABILITY = YES_AGGRESSIVE;
				CLANG_WARN_UNREACHABLE_CODE = YES;
				CLANG_WARN__DUPLICATE_METHOD_MATCH = YES;
				CODE_SIGN_IDENTITY = "iPhone Developer";
				COPY_PHASE_STRIP = NO;
				DEBUG_INFORMATION_FORMAT = "dwarf-with-dsym";
				ENABLE_NS_ASSERTIONS = NO;
				ENABLE_STRICT_OBJC_MSGSEND = YES;
				GCC_C_LANGUAGE_STANDARD = gnu11;
				GCC_NO_COMMON_BLOCKS = YES;
				GCC_WARN_64_TO_32_BIT_CONVERSION = YES;
				GCC_WARN_ABOUT_RETURN_TYPE = YES_ERROR;
				GCC_WARN_UNDECLARED_SELECTOR = YES;
				GCC_WARN_UNINITIALIZED_AUTOS = YES_AGGRESSIVE;
				GCC_WARN_UNUSED_FUNCTION = YES;
				GCC_WARN_UNUSED_VARIABLE = YES;
				IPHONEOS_DEPLOYMENT_TARGET = 10.0;
				MTL_ENABLE_DEBUG_INFO = NO;
				SDKROOT = iphoneos;
				SWIFT_COMPILATION_MODE = wholemodule;
				SWIFT_OPTIMIZATION_LEVEL = "-O";
				VALIDATE_PRODUCT = YES;
			};
			name = Release;
		};
		F02C3207201B4EFE004DB770 /* Debug */ = {
			isa = XCBuildConfiguration;
			baseConfigurationReference = E2B310993C880515CC7A7479 /* Pods-Segmentify-Demo.debug.xcconfig */;
			buildSettings = {
				ALWAYS_EMBED_SWIFT_STANDARD_LIBRARIES = YES;
				ASSETCATALOG_COMPILER_APPICON_NAME = AppIcon;
				CODE_SIGN_ENTITLEMENTS = "Segmentify-Demo/Segmentify-Demo.entitlements";
				CODE_SIGN_STYLE = Automatic;
				CURRENT_PROJECT_VERSION = 1.0;
				DEVELOPMENT_TEAM = XPXAF9Y4FN;
				INFOPLIST_FILE = "Segmentify-Demo/Info.plist";
				IPHONEOS_DEPLOYMENT_TARGET = 10.0;
				LD_RUNPATH_SEARCH_PATHS = (
					"$(inherited)",
					"@executable_path/Frameworks",
				);
				PRODUCT_BUNDLE_IDENTIFIER = "com.segmentify.Segmentify-Demo-2";
				PRODUCT_NAME = "$(TARGET_NAME)";
				SWIFT_VERSION = 5.0;
				TARGETED_DEVICE_FAMILY = 1;
			};
			name = Debug;
		};
		F02C3208201B4EFE004DB770 /* Release */ = {
			isa = XCBuildConfiguration;
			baseConfigurationReference = F832BA76E86CF969599342D9 /* Pods-Segmentify-Demo.release.xcconfig */;
			buildSettings = {
				ALWAYS_EMBED_SWIFT_STANDARD_LIBRARIES = YES;
				ASSETCATALOG_COMPILER_APPICON_NAME = AppIcon;
				CODE_SIGN_ENTITLEMENTS = "Segmentify-Demo/Segmentify-Demo.entitlements";
				CODE_SIGN_STYLE = Automatic;
				CURRENT_PROJECT_VERSION = 1.0;
				DEVELOPMENT_TEAM = XPXAF9Y4FN;
				INFOPLIST_FILE = "Segmentify-Demo/Info.plist";
				IPHONEOS_DEPLOYMENT_TARGET = 10.0;
				LD_RUNPATH_SEARCH_PATHS = (
					"$(inherited)",
					"@executable_path/Frameworks",
				);
				PRODUCT_BUNDLE_IDENTIFIER = "com.segmentify.Segmentify-Demo-2";
				PRODUCT_NAME = "$(TARGET_NAME)";
				SWIFT_VERSION = 5.0;
				TARGETED_DEVICE_FAMILY = 1;
			};
			name = Release;
		};
/* End XCBuildConfiguration section */

/* Begin XCConfigurationList section */
		B2E9423F219C0A9E00CBEE7C /* Build configuration list for PBXNativeTarget "NotificationService" */ = {
			isa = XCConfigurationList;
			buildConfigurations = (
				B2E9423D219C0A9E00CBEE7C /* Debug */,
				B2E9423E219C0A9E00CBEE7C /* Release */,
			);
			defaultConfigurationIsVisible = 0;
			defaultConfigurationName = Debug;
		};
		F02C31EF201B4EFD004DB770 /* Build configuration list for PBXProject "Segmentify-Demo" */ = {
			isa = XCConfigurationList;
			buildConfigurations = (
				F02C3204201B4EFE004DB770 /* Debug */,
				F02C3205201B4EFE004DB770 /* Release */,
			);
			defaultConfigurationIsVisible = 0;
			defaultConfigurationName = Debug;
		};
		F02C3206201B4EFE004DB770 /* Build configuration list for PBXNativeTarget "Segmentify-Demo" */ = {
			isa = XCConfigurationList;
			buildConfigurations = (
				F02C3207201B4EFE004DB770 /* Debug */,
				F02C3208201B4EFE004DB770 /* Release */,
			);
			defaultConfigurationIsVisible = 0;
			defaultConfigurationName = Debug;
		};
/* End XCConfigurationList section */
	};
	rootObject = F02C31EC201B4EFD004DB770 /* Project object */;
}
